// !$*UTF8*$!
{
	archiveVersion = 1;
	classes = {
	};
	objectVersion = 51;
	objects = {

/* Begin PBXBuildFile section */
		0325EAE9C558D5E38E18ABB3 /* Pods_VoltM_VoltMUITests.framework in Frameworks */ = {isa = PBXBuildFile; fileRef = F78F5D590CB7FF22DACEBE72 /* Pods_VoltM_VoltMUITests.framework */; };
		631F6A36594EC18441485608 /* Pods_VoltMTests.framework in Frameworks */ = {isa = PBXBuildFile; fileRef = E4E7461B643921A513C36B0A /* Pods_VoltMTests.framework */; };
		96019E1126F6470400BAF3AA /* Home.storyboard in Resources */ = {isa = PBXBuildFile; fileRef = 96019E1326F6470400BAF3AA /* Home.storyboard */; };
		96019E1726F647A700BAF3AA /* HomeVC.swift in Sources */ = {isa = PBXBuildFile; fileRef = 96019E1626F647A700BAF3AA /* HomeVC.swift */; };
		96019E1926F647BD00BAF3AA /* HomeView.swift in Sources */ = {isa = PBXBuildFile; fileRef = 96019E1826F647BD00BAF3AA /* HomeView.swift */; };
		96019E1C26F6486A00BAF3AA /* HomeTableViewCell.swift in Sources */ = {isa = PBXBuildFile; fileRef = 96019E1B26F6486A00BAF3AA /* HomeTableViewCell.swift */; };
		960DB0EB26F8F54900B5352F /* UpdateContactVC.swift in Sources */ = {isa = PBXBuildFile; fileRef = 960DB0EA26F8F54900B5352F /* UpdateContactVC.swift */; };
		960DB0ED26F8F55F00B5352F /* UpdateContactView.swift in Sources */ = {isa = PBXBuildFile; fileRef = 960DB0EC26F8F55F00B5352F /* UpdateContactView.swift */; };
		9647C00A26FF3C9300C03A5B /* WelcomeView.swift in Sources */ = {isa = PBXBuildFile; fileRef = 9647C00926FF3C9300C03A5B /* WelcomeView.swift */; };
		96746ED7272458380074421B /* SignInVC.swift in Sources */ = {isa = PBXBuildFile; fileRef = 96746ED6272458380074421B /* SignInVC.swift */; };
		96746ED9272458450074421B /* SignInView.swift in Sources */ = {isa = PBXBuildFile; fileRef = 96746ED8272458450074421B /* SignInView.swift */; };
		96746EDB272458530074421B /* SignUpVC.swift in Sources */ = {isa = PBXBuildFile; fileRef = 96746EDA272458530074421B /* SignUpVC.swift */; };
		96746EDD2724586E0074421B /* SignUpView.swift in Sources */ = {isa = PBXBuildFile; fileRef = 96746EDC2724586E0074421B /* SignUpView.swift */; };
		9685235026F7774E008C6E6A /* CartVC.swift in Sources */ = {isa = PBXBuildFile; fileRef = 9685234F26F7774E008C6E6A /* CartVC.swift */; };
		9685235226F77762008C6E6A /* CartView.swift in Sources */ = {isa = PBXBuildFile; fileRef = 9685235126F77762008C6E6A /* CartView.swift */; };
		9685235526F77772008C6E6A /* CartTableViewCell.swift in Sources */ = {isa = PBXBuildFile; fileRef = 9685235426F77772008C6E6A /* CartTableViewCell.swift */; };
		9685235A26F780A9008C6E6A /* ProductVC.swift in Sources */ = {isa = PBXBuildFile; fileRef = 9685235926F780A9008C6E6A /* ProductVC.swift */; };
		9685235C26F780BB008C6E6A /* ProductView.swift in Sources */ = {isa = PBXBuildFile; fileRef = 9685235B26F780BB008C6E6A /* ProductView.swift */; };
		9685235F26F780D2008C6E6A /* ProductTableViewCell.swift in Sources */ = {isa = PBXBuildFile; fileRef = 9685235E26F780D2008C6E6A /* ProductTableViewCell.swift */; };
		9685236026F78106008C6E6A /* Products.storyboard in Resources */ = {isa = PBXBuildFile; fileRef = 9685236226F78106008C6E6A /* Products.storyboard */; };
		9685236726F7992E008C6E6A /* ProductDetailsVC.swift in Sources */ = {isa = PBXBuildFile; fileRef = 9685236626F7992E008C6E6A /* ProductDetailsVC.swift */; };
		9685236926F79940008C6E6A /* ProductDetailsView.swift in Sources */ = {isa = PBXBuildFile; fileRef = 9685236826F79940008C6E6A /* ProductDetailsView.swift */; };
		9685236B26F7A5C6008C6E6A /* SideMenu.storyboard in Resources */ = {isa = PBXBuildFile; fileRef = 9685236A26F7A5C6008C6E6A /* SideMenu.storyboard */; };
		9685236E26F7A83D008C6E6A /* SideMenuView.swift in Sources */ = {isa = PBXBuildFile; fileRef = 9685236D26F7A83D008C6E6A /* SideMenuView.swift */; };
		9685237026F7A86A008C6E6A /* SideMenuVC.swift in Sources */ = {isa = PBXBuildFile; fileRef = 9685236F26F7A86A008C6E6A /* SideMenuVC.swift */; };
		9685237326F7A880008C6E6A /* SideMenuTableViewCell.swift in Sources */ = {isa = PBXBuildFile; fileRef = 9685237226F7A880008C6E6A /* SideMenuTableViewCell.swift */; };
		9685237626F7B850008C6E6A /* LanguageVC.swift in Sources */ = {isa = PBXBuildFile; fileRef = 9685237526F7B850008C6E6A /* LanguageVC.swift */; };
		9685237826F7B85F008C6E6A /* LanguageView.swift in Sources */ = {isa = PBXBuildFile; fileRef = 9685237726F7B85F008C6E6A /* LanguageView.swift */; };
		9685237B26F7C7FD008C6E6A /* CountryVC.swift in Sources */ = {isa = PBXBuildFile; fileRef = 9685237A26F7C7FD008C6E6A /* CountryVC.swift */; };
		9685237D26F7C811008C6E6A /* CountryView.swift in Sources */ = {isa = PBXBuildFile; fileRef = 9685237C26F7C811008C6E6A /* CountryView.swift */; };
		9685238026F7D308008C6E6A /* Account.storyboard in Resources */ = {isa = PBXBuildFile; fileRef = 9685238226F7D308008C6E6A /* Account.storyboard */; };
		9685238726F7D553008C6E6A /* UpdateInfoVC.swift in Sources */ = {isa = PBXBuildFile; fileRef = 9685238626F7D553008C6E6A /* UpdateInfoVC.swift */; };
		9685238926F7D563008C6E6A /* UpdateInfoView.swift in Sources */ = {isa = PBXBuildFile; fileRef = 9685238826F7D563008C6E6A /* UpdateInfoView.swift */; };
		9685238C26F7D827008C6E6A /* UpdateAddressVC.swift in Sources */ = {isa = PBXBuildFile; fileRef = 9685238B26F7D827008C6E6A /* UpdateAddressVC.swift */; };
		9685239026F7D881008C6E6A /* UpdateAddressView.swift in Sources */ = {isa = PBXBuildFile; fileRef = 9685238F26F7D881008C6E6A /* UpdateAddressView.swift */; };
		96CD1E4026E514E3000BC132 /* AppDelegate.swift in Sources */ = {isa = PBXBuildFile; fileRef = 96CD1E3F26E514E3000BC132 /* AppDelegate.swift */; };
		96CD1E4226E514E3000BC132 /* SceneDelegate.swift in Sources */ = {isa = PBXBuildFile; fileRef = 96CD1E4126E514E3000BC132 /* SceneDelegate.swift */; };
		96CD1E4426E514E3000BC132 /* WelcomeVC.swift in Sources */ = {isa = PBXBuildFile; fileRef = 96CD1E4326E514E3000BC132 /* WelcomeVC.swift */; };
		96CD1E4726E514E3000BC132 /* Main.storyboard in Resources */ = {isa = PBXBuildFile; fileRef = 96CD1E4526E514E3000BC132 /* Main.storyboard */; };
		96CD1E4C26E514E4000BC132 /* LaunchScreen.storyboard in Resources */ = {isa = PBXBuildFile; fileRef = 96CD1E4A26E514E4000BC132 /* LaunchScreen.storyboard */; };
		96CD1E5726E514E4000BC132 /* VoltMTests.swift in Sources */ = {isa = PBXBuildFile; fileRef = 96CD1E5626E514E4000BC132 /* VoltMTests.swift */; };
		96CD1E6226E514E4000BC132 /* VoltMUITests.swift in Sources */ = {isa = PBXBuildFile; fileRef = 96CD1E6126E514E4000BC132 /* VoltMUITests.swift */; };
		96CD1E7226E51B47000BC132 /* UIView.swift in Sources */ = {isa = PBXBuildFile; fileRef = 96CD1E7126E51B47000BC132 /* UIView.swift */; };
		96CD1E7426E51B78000BC132 /* UIViewController+Create.swift in Sources */ = {isa = PBXBuildFile; fileRef = 96CD1E7326E51B78000BC132 /* UIViewController+Create.swift */; };
		96CD1E7626E51BB2000BC132 /* UIColor.swift in Sources */ = {isa = PBXBuildFile; fileRef = 96CD1E7526E51BB2000BC132 /* UIColor.swift */; };
		96CD1E7926E51BFC000BC132 /* Constant.swift in Sources */ = {isa = PBXBuildFile; fileRef = 96CD1E7826E51BFC000BC132 /* Constant.swift */; };
		96CD1E7D26E51C5A000BC132 /* APIRouter.swift in Sources */ = {isa = PBXBuildFile; fileRef = 96CD1E7C26E51C5A000BC132 /* APIRouter.swift */; };
		96CD1E7F26E51CF0000BC132 /* APIManager.swift in Sources */ = {isa = PBXBuildFile; fileRef = 96CD1E7E26E51CF0000BC132 /* APIManager.swift */; };
		96CD1E8126E51D38000BC132 /* UserDefaultManager.swift in Sources */ = {isa = PBXBuildFile; fileRef = 96CD1E8026E51D38000BC132 /* UserDefaultManager.swift */; };
		96CD1E8326E51D5B000BC132 /* Validator.swift in Sources */ = {isa = PBXBuildFile; fileRef = 96CD1E8226E51D5B000BC132 /* Validator.swift */; };
		96CD1E9126E5201B000BC132 /* swiftgen.yml in Resources */ = {isa = PBXBuildFile; fileRef = 96CD1E9026E5201B000BC132 /* swiftgen.yml */; };
		96CD1E9826E52102000BC132 /* color.txt in Resources */ = {isa = PBXBuildFile; fileRef = 96CD1E9726E52102000BC132 /* color.txt */; };
		96CD1E9C26E521C7000BC132 /* Strings.swift in Sources */ = {isa = PBXBuildFile; fileRef = 96CD1E9B26E521C7000BC132 /* Strings.swift */; };
		96CD1E9E26E521D0000BC132 /* Colors.swift in Sources */ = {isa = PBXBuildFile; fileRef = 96CD1E9D26E521D0000BC132 /* Colors.swift */; };
		96CD1EA626E52495000BC132 /* Assets.xcassets in Resources */ = {isa = PBXBuildFile; fileRef = 96CD1EA526E52495000BC132 /* Assets.xcassets */; };
		96CD1EA926E52583000BC132 /* AssetsManager.swift in Sources */ = {isa = PBXBuildFile; fileRef = 96CD1EA826E52583000BC132 /* AssetsManager.swift */; };
		96D26CF926F66C8A009BD961 /* OfferVC.swift in Sources */ = {isa = PBXBuildFile; fileRef = 96D26CF826F66C8A009BD961 /* OfferVC.swift */; };
		96D26CFB26F66C98009BD961 /* OfferView.swift in Sources */ = {isa = PBXBuildFile; fileRef = 96D26CFA26F66C98009BD961 /* OfferView.swift */; };
		96D26CFE26F66CA9009BD961 /* OfferTableViewCell.swift in Sources */ = {isa = PBXBuildFile; fileRef = 96D26CFD26F66CA9009BD961 /* OfferTableViewCell.swift */; };
		96D26CFF26F66CDD009BD961 /* Offers.storyboard in Resources */ = {isa = PBXBuildFile; fileRef = 96D26D0126F66CDD009BD961 /* Offers.storyboard */; };
		96D26D0626F67325009BD961 /* MainCategoryVC.swift in Sources */ = {isa = PBXBuildFile; fileRef = 96D26D0526F67325009BD961 /* MainCategoryVC.swift */; };
		96D26D0826F67338009BD961 /* MainCategoryView.swift in Sources */ = {isa = PBXBuildFile; fileRef = 96D26D0726F67338009BD961 /* MainCategoryView.swift */; };
		96D26D0B26F6734D009BD961 /* MainCategoryTableViewCell.swift in Sources */ = {isa = PBXBuildFile; fileRef = 96D26D0A26F6734D009BD961 /* MainCategoryTableViewCell.swift */; };
		96D26D0E26F67905009BD961 /* StoreVC.swift in Sources */ = {isa = PBXBuildFile; fileRef = 96D26D0D26F67905009BD961 /* StoreVC.swift */; };
		96D26D1026F67915009BD961 /* StoreView.swift in Sources */ = {isa = PBXBuildFile; fileRef = 96D26D0F26F67915009BD961 /* StoreView.swift */; };
		96D26D1326F67928009BD961 /* StoreTableViewCell.swift in Sources */ = {isa = PBXBuildFile; fileRef = 96D26D1226F67928009BD961 /* StoreTableViewCell.swift */; };
		96D26D1626F68426009BD961 /* FavoriteVC.swift in Sources */ = {isa = PBXBuildFile; fileRef = 96D26D1526F68426009BD961 /* FavoriteVC.swift */; };
		96D26D1826F68436009BD961 /* FavoriteView.swift in Sources */ = {isa = PBXBuildFile; fileRef = 96D26D1726F68436009BD961 /* FavoriteView.swift */; };
		96D26D1B26F6844F009BD961 /* FavoriteTableViewCell.swift in Sources */ = {isa = PBXBuildFile; fileRef = 96D26D1A26F6844F009BD961 /* FavoriteTableViewCell.swift */; };
		96D26D1E26F68C01009BD961 /* StoreCategoryVC.swift in Sources */ = {isa = PBXBuildFile; fileRef = 96D26D1D26F68C01009BD961 /* StoreCategoryVC.swift */; };
		96D26D2026F68C10009BD961 /* StoreCategoryView.swift in Sources */ = {isa = PBXBuildFile; fileRef = 96D26D1F26F68C10009BD961 /* StoreCategoryView.swift */; };
		96D26D2326F68C27009BD961 /* StoreCategoryTableViewCell.swift in Sources */ = {isa = PBXBuildFile; fileRef = 96D26D2226F68C27009BD961 /* StoreCategoryTableViewCell.swift */; };
		96D26D2626F68FDE009BD961 /* StoreSubCategoryVC.swift in Sources */ = {isa = PBXBuildFile; fileRef = 96D26D2526F68FDE009BD961 /* StoreSubCategoryVC.swift */; };
		96D26D2826F68FF3009BD961 /* StoreSubCategoryView.swift in Sources */ = {isa = PBXBuildFile; fileRef = 96D26D2726F68FF3009BD961 /* StoreSubCategoryView.swift */; };
		96D26D2B26F6900B009BD961 /* StoreSubCategoryTableViewCell.swift in Sources */ = {isa = PBXBuildFile; fileRef = 96D26D2A26F6900B009BD961 /* StoreSubCategoryTableViewCell.swift */; };
		96E1155326F65B06005EFA2C /* Localizable.strings in Resources */ = {isa = PBXBuildFile; fileRef = 96E1155526F65B06005EFA2C /* Localizable.strings */; };
		96E1155926F66347005EFA2C /* TabbarVC.swift in Sources */ = {isa = PBXBuildFile; fileRef = 96E1155826F66347005EFA2C /* TabbarVC.swift */; };
		96EB065D2702048A00586EB4 /* RateVC.swift in Sources */ = {isa = PBXBuildFile; fileRef = 96EB065C2702048A00586EB4 /* RateVC.swift */; };
		96EB065F2702049C00586EB4 /* RateView.swift in Sources */ = {isa = PBXBuildFile; fileRef = 96EB065E2702049C00586EB4 /* RateView.swift */; };
		96EB0662270204B100586EB4 /* RateTableViewCell.swift in Sources */ = {isa = PBXBuildFile; fileRef = 96EB0661270204B100586EB4 /* RateTableViewCell.swift */; };
		96EB066727022A5F00586EB4 /* OrdersVC.swift in Sources */ = {isa = PBXBuildFile; fileRef = 96EB066627022A5F00586EB4 /* OrdersVC.swift */; };
		96EB066927022A7800586EB4 /* OrdersView.swift in Sources */ = {isa = PBXBuildFile; fileRef = 96EB066827022A7800586EB4 /* OrdersView.swift */; };
		96EB066C27022A9300586EB4 /* OrdersTableViewCell.swift in Sources */ = {isa = PBXBuildFile; fileRef = 96EB066B27022A9300586EB4 /* OrdersTableViewCell.swift */; };
		96EB066D2702350C00586EB4 /* Orders.storyboard in Resources */ = {isa = PBXBuildFile; fileRef = 96EB066F2702350C00586EB4 /* Orders.storyboard */; };
		96EB06742702363300586EB4 /* OrderDetailsVC.swift in Sources */ = {isa = PBXBuildFile; fileRef = 96EB06732702363300586EB4 /* OrderDetailsVC.swift */; };
		96EB06762702364300586EB4 /* OrderDetailsView.swift in Sources */ = {isa = PBXBuildFile; fileRef = 96EB06752702364300586EB4 /* OrderDetailsView.swift */; };
		96EB06792702365A00586EB4 /* OrderDetailsTableViewCell.swift in Sources */ = {isa = PBXBuildFile; fileRef = 96EB06782702365A00586EB4 /* OrderDetailsTableViewCell.swift */; };
		BAE0822F158DD86351FEC158 /* Pods_VoltM.framework in Frameworks */ = {isa = PBXBuildFile; fileRef = 5334F75A8B3197EACFE5AB26 /* Pods_VoltM.framework */; };
/* End PBXBuildFile section */

/* Begin PBXContainerItemProxy section */
		96CD1E5326E514E4000BC132 /* PBXContainerItemProxy */ = {
			isa = PBXContainerItemProxy;
			containerPortal = 96CD1E3426E514E3000BC132 /* Project object */;
			proxyType = 1;
			remoteGlobalIDString = 96CD1E3B26E514E3000BC132;
			remoteInfo = VoltM;
		};
		96CD1E5E26E514E4000BC132 /* PBXContainerItemProxy */ = {
			isa = PBXContainerItemProxy;
			containerPortal = 96CD1E3426E514E3000BC132 /* Project object */;
			proxyType = 1;
			remoteGlobalIDString = 96CD1E3B26E514E3000BC132;
			remoteInfo = VoltM;
		};
/* End PBXContainerItemProxy section */

/* Begin PBXFileReference section */
		1F979156E5C6D5D0A9EF791B /* Pods-VoltM.debug.xcconfig */ = {isa = PBXFileReference; includeInIndex = 1; lastKnownFileType = text.xcconfig; name = "Pods-VoltM.debug.xcconfig"; path = "Target Support Files/Pods-VoltM/Pods-VoltM.debug.xcconfig"; sourceTree = "<group>"; };
		4D635B049DAFC9C5736BACAA /* Pods-VoltM-VoltMUITests.debug.xcconfig */ = {isa = PBXFileReference; includeInIndex = 1; lastKnownFileType = text.xcconfig; name = "Pods-VoltM-VoltMUITests.debug.xcconfig"; path = "Target Support Files/Pods-VoltM-VoltMUITests/Pods-VoltM-VoltMUITests.debug.xcconfig"; sourceTree = "<group>"; };
		5334F75A8B3197EACFE5AB26 /* Pods_VoltM.framework */ = {isa = PBXFileReference; explicitFileType = wrapper.framework; includeInIndex = 0; path = Pods_VoltM.framework; sourceTree = BUILT_PRODUCTS_DIR; };
		63554CA262E50A373B8DEEFF /* Pods-VoltM-VoltMUITests.release.xcconfig */ = {isa = PBXFileReference; includeInIndex = 1; lastKnownFileType = text.xcconfig; name = "Pods-VoltM-VoltMUITests.release.xcconfig"; path = "Target Support Files/Pods-VoltM-VoltMUITests/Pods-VoltM-VoltMUITests.release.xcconfig"; sourceTree = "<group>"; };
		96019E1426F6471600BAF3AA /* Base */ = {isa = PBXFileReference; lastKnownFileType = file.storyboard; name = Base; path = Base.lproj/Home.storyboard; sourceTree = "<group>"; };
		96019E1626F647A700BAF3AA /* HomeVC.swift */ = {isa = PBXFileReference; lastKnownFileType = sourcecode.swift; path = HomeVC.swift; sourceTree = "<group>"; };
		96019E1826F647BD00BAF3AA /* HomeView.swift */ = {isa = PBXFileReference; lastKnownFileType = sourcecode.swift; path = HomeView.swift; sourceTree = "<group>"; };
		96019E1B26F6486A00BAF3AA /* HomeTableViewCell.swift */ = {isa = PBXFileReference; lastKnownFileType = sourcecode.swift; path = HomeTableViewCell.swift; sourceTree = "<group>"; };
		96019E1E26F6540900BAF3AA /* ar */ = {isa = PBXFileReference; lastKnownFileType = text.plist.strings; name = ar; path = ar.lproj/Home.strings; sourceTree = "<group>"; };
		96019E1F26F6540900BAF3AA /* ar */ = {isa = PBXFileReference; lastKnownFileType = text.plist.strings; name = ar; path = ar.lproj/LaunchScreen.strings; sourceTree = "<group>"; };
		960DB0EA26F8F54900B5352F /* UpdateContactVC.swift */ = {isa = PBXFileReference; lastKnownFileType = sourcecode.swift; path = UpdateContactVC.swift; sourceTree = "<group>"; };
		960DB0EC26F8F55F00B5352F /* UpdateContactView.swift */ = {isa = PBXFileReference; lastKnownFileType = sourcecode.swift; path = UpdateContactView.swift; sourceTree = "<group>"; };
		9647C00926FF3C9300C03A5B /* WelcomeView.swift */ = {isa = PBXFileReference; lastKnownFileType = sourcecode.swift; path = WelcomeView.swift; sourceTree = "<group>"; };
		96746ED6272458380074421B /* SignInVC.swift */ = {isa = PBXFileReference; lastKnownFileType = sourcecode.swift; path = SignInVC.swift; sourceTree = "<group>"; };
		96746ED8272458450074421B /* SignInView.swift */ = {isa = PBXFileReference; lastKnownFileType = sourcecode.swift; path = SignInView.swift; sourceTree = "<group>"; };
		96746EDA272458530074421B /* SignUpVC.swift */ = {isa = PBXFileReference; lastKnownFileType = sourcecode.swift; path = SignUpVC.swift; sourceTree = "<group>"; };
		96746EDC2724586E0074421B /* SignUpView.swift */ = {isa = PBXFileReference; lastKnownFileType = sourcecode.swift; path = SignUpView.swift; sourceTree = "<group>"; };
		96746EDE27245CB60074421B /* ar */ = {isa = PBXFileReference; lastKnownFileType = text.plist.strings; name = ar; path = ar.lproj/Main.strings; sourceTree = "<group>"; };
		9685234F26F7774E008C6E6A /* CartVC.swift */ = {isa = PBXFileReference; lastKnownFileType = sourcecode.swift; path = CartVC.swift; sourceTree = "<group>"; };
		9685235126F77762008C6E6A /* CartView.swift */ = {isa = PBXFileReference; lastKnownFileType = sourcecode.swift; path = CartView.swift; sourceTree = "<group>"; };
		9685235426F77772008C6E6A /* CartTableViewCell.swift */ = {isa = PBXFileReference; lastKnownFileType = sourcecode.swift; path = CartTableViewCell.swift; sourceTree = "<group>"; };
		9685235926F780A9008C6E6A /* ProductVC.swift */ = {isa = PBXFileReference; lastKnownFileType = sourcecode.swift; path = ProductVC.swift; sourceTree = "<group>"; };
		9685235B26F780BB008C6E6A /* ProductView.swift */ = {isa = PBXFileReference; lastKnownFileType = sourcecode.swift; path = ProductView.swift; sourceTree = "<group>"; };
		9685235E26F780D2008C6E6A /* ProductTableViewCell.swift */ = {isa = PBXFileReference; lastKnownFileType = sourcecode.swift; path = ProductTableViewCell.swift; sourceTree = "<group>"; };
		9685236126F78106008C6E6A /* Base */ = {isa = PBXFileReference; lastKnownFileType = file.storyboard; name = Base; path = Base.lproj/Products.storyboard; sourceTree = "<group>"; };
		9685236426F7810C008C6E6A /* ar */ = {isa = PBXFileReference; lastKnownFileType = text.plist.strings; name = ar; path = ar.lproj/Products.strings; sourceTree = "<group>"; };
		9685236626F7992E008C6E6A /* ProductDetailsVC.swift */ = {isa = PBXFileReference; lastKnownFileType = sourcecode.swift; path = ProductDetailsVC.swift; sourceTree = "<group>"; };
		9685236826F79940008C6E6A /* ProductDetailsView.swift */ = {isa = PBXFileReference; lastKnownFileType = sourcecode.swift; path = ProductDetailsView.swift; sourceTree = "<group>"; };
		9685236A26F7A5C6008C6E6A /* SideMenu.storyboard */ = {isa = PBXFileReference; lastKnownFileType = file.storyboard; path = SideMenu.storyboard; sourceTree = "<group>"; };
		9685236D26F7A83D008C6E6A /* SideMenuView.swift */ = {isa = PBXFileReference; lastKnownFileType = sourcecode.swift; path = SideMenuView.swift; sourceTree = "<group>"; };
		9685236F26F7A86A008C6E6A /* SideMenuVC.swift */ = {isa = PBXFileReference; lastKnownFileType = sourcecode.swift; path = SideMenuVC.swift; sourceTree = "<group>"; };
		9685237226F7A880008C6E6A /* SideMenuTableViewCell.swift */ = {isa = PBXFileReference; lastKnownFileType = sourcecode.swift; path = SideMenuTableViewCell.swift; sourceTree = "<group>"; };
		9685237526F7B850008C6E6A /* LanguageVC.swift */ = {isa = PBXFileReference; lastKnownFileType = sourcecode.swift; path = LanguageVC.swift; sourceTree = "<group>"; };
		9685237726F7B85F008C6E6A /* LanguageView.swift */ = {isa = PBXFileReference; lastKnownFileType = sourcecode.swift; path = LanguageView.swift; sourceTree = "<group>"; };
		9685237A26F7C7FD008C6E6A /* CountryVC.swift */ = {isa = PBXFileReference; lastKnownFileType = sourcecode.swift; path = CountryVC.swift; sourceTree = "<group>"; };
		9685237C26F7C811008C6E6A /* CountryView.swift */ = {isa = PBXFileReference; lastKnownFileType = sourcecode.swift; path = CountryView.swift; sourceTree = "<group>"; };
		9685238126F7D308008C6E6A /* Base */ = {isa = PBXFileReference; lastKnownFileType = file.storyboard; name = Base; path = Base.lproj/Account.storyboard; sourceTree = "<group>"; };
		9685238426F7D33D008C6E6A /* ar */ = {isa = PBXFileReference; lastKnownFileType = text.plist.strings; name = ar; path = ar.lproj/Account.strings; sourceTree = "<group>"; };
		9685238626F7D553008C6E6A /* UpdateInfoVC.swift */ = {isa = PBXFileReference; lastKnownFileType = sourcecode.swift; path = UpdateInfoVC.swift; sourceTree = "<group>"; };
		9685238826F7D563008C6E6A /* UpdateInfoView.swift */ = {isa = PBXFileReference; lastKnownFileType = sourcecode.swift; path = UpdateInfoView.swift; sourceTree = "<group>"; };
		9685238B26F7D827008C6E6A /* UpdateAddressVC.swift */ = {isa = PBXFileReference; lastKnownFileType = sourcecode.swift; path = UpdateAddressVC.swift; sourceTree = "<group>"; };
		9685238F26F7D881008C6E6A /* UpdateAddressView.swift */ = {isa = PBXFileReference; lastKnownFileType = sourcecode.swift; path = UpdateAddressView.swift; sourceTree = "<group>"; };
		96CD1E3C26E514E3000BC132 /* VoltM.app */ = {isa = PBXFileReference; explicitFileType = wrapper.application; includeInIndex = 0; path = VoltM.app; sourceTree = BUILT_PRODUCTS_DIR; };
		96CD1E3F26E514E3000BC132 /* AppDelegate.swift */ = {isa = PBXFileReference; lastKnownFileType = sourcecode.swift; path = AppDelegate.swift; sourceTree = "<group>"; };
		96CD1E4126E514E3000BC132 /* SceneDelegate.swift */ = {isa = PBXFileReference; lastKnownFileType = sourcecode.swift; path = SceneDelegate.swift; sourceTree = "<group>"; };
		96CD1E4326E514E3000BC132 /* WelcomeVC.swift */ = {isa = PBXFileReference; lastKnownFileType = sourcecode.swift; path = WelcomeVC.swift; sourceTree = "<group>"; };
		96CD1E4626E514E3000BC132 /* Base */ = {isa = PBXFileReference; lastKnownFileType = file.storyboard; name = Base; path = Base.lproj/Main.storyboard; sourceTree = "<group>"; };
		96CD1E4B26E514E4000BC132 /* Base */ = {isa = PBXFileReference; lastKnownFileType = file.storyboard; name = Base; path = Base.lproj/LaunchScreen.storyboard; sourceTree = "<group>"; };
		96CD1E4D26E514E4000BC132 /* Info.plist */ = {isa = PBXFileReference; lastKnownFileType = text.plist.xml; path = Info.plist; sourceTree = "<group>"; };
		96CD1E5226E514E4000BC132 /* VoltMTests.xctest */ = {isa = PBXFileReference; explicitFileType = wrapper.cfbundle; includeInIndex = 0; path = VoltMTests.xctest; sourceTree = BUILT_PRODUCTS_DIR; };
		96CD1E5626E514E4000BC132 /* VoltMTests.swift */ = {isa = PBXFileReference; lastKnownFileType = sourcecode.swift; path = VoltMTests.swift; sourceTree = "<group>"; };
		96CD1E5826E514E4000BC132 /* Info.plist */ = {isa = PBXFileReference; lastKnownFileType = text.plist.xml; path = Info.plist; sourceTree = "<group>"; };
		96CD1E5D26E514E4000BC132 /* VoltMUITests.xctest */ = {isa = PBXFileReference; explicitFileType = wrapper.cfbundle; includeInIndex = 0; path = VoltMUITests.xctest; sourceTree = BUILT_PRODUCTS_DIR; };
		96CD1E6126E514E4000BC132 /* VoltMUITests.swift */ = {isa = PBXFileReference; lastKnownFileType = sourcecode.swift; path = VoltMUITests.swift; sourceTree = "<group>"; };
		96CD1E6326E514E4000BC132 /* Info.plist */ = {isa = PBXFileReference; lastKnownFileType = text.plist.xml; path = Info.plist; sourceTree = "<group>"; };
		96CD1E7126E51B47000BC132 /* UIView.swift */ = {isa = PBXFileReference; lastKnownFileType = sourcecode.swift; path = UIView.swift; sourceTree = "<group>"; };
		96CD1E7326E51B78000BC132 /* UIViewController+Create.swift */ = {isa = PBXFileReference; lastKnownFileType = sourcecode.swift; path = "UIViewController+Create.swift"; sourceTree = "<group>"; };
		96CD1E7526E51BB2000BC132 /* UIColor.swift */ = {isa = PBXFileReference; lastKnownFileType = sourcecode.swift; path = UIColor.swift; sourceTree = "<group>"; };
		96CD1E7826E51BFC000BC132 /* Constant.swift */ = {isa = PBXFileReference; lastKnownFileType = sourcecode.swift; path = Constant.swift; sourceTree = "<group>"; };
		96CD1E7C26E51C5A000BC132 /* APIRouter.swift */ = {isa = PBXFileReference; lastKnownFileType = sourcecode.swift; path = APIRouter.swift; sourceTree = "<group>"; };
		96CD1E7E26E51CF0000BC132 /* APIManager.swift */ = {isa = PBXFileReference; lastKnownFileType = sourcecode.swift; path = APIManager.swift; sourceTree = "<group>"; };
		96CD1E8026E51D38000BC132 /* UserDefaultManager.swift */ = {isa = PBXFileReference; lastKnownFileType = sourcecode.swift; path = UserDefaultManager.swift; sourceTree = "<group>"; };
		96CD1E8226E51D5B000BC132 /* Validator.swift */ = {isa = PBXFileReference; lastKnownFileType = sourcecode.swift; path = Validator.swift; sourceTree = "<group>"; };
		96CD1E9026E5201B000BC132 /* swiftgen.yml */ = {isa = PBXFileReference; lastKnownFileType = text.yaml; path = swiftgen.yml; sourceTree = "<group>"; };
		96CD1E9726E52102000BC132 /* color.txt */ = {isa = PBXFileReference; lastKnownFileType = text; path = color.txt; sourceTree = "<group>"; };
		96CD1E9B26E521C7000BC132 /* Strings.swift */ = {isa = PBXFileReference; fileEncoding = 4; lastKnownFileType = sourcecode.swift; path = Strings.swift; sourceTree = "<group>"; };
		96CD1E9D26E521D0000BC132 /* Colors.swift */ = {isa = PBXFileReference; fileEncoding = 4; lastKnownFileType = sourcecode.swift; path = Colors.swift; sourceTree = "<group>"; };
		96CD1EA526E52495000BC132 /* Assets.xcassets */ = {isa = PBXFileReference; lastKnownFileType = folder.assetcatalog; path = Assets.xcassets; sourceTree = "<group>"; };
		96CD1EA826E52583000BC132 /* AssetsManager.swift */ = {isa = PBXFileReference; fileEncoding = 4; lastKnownFileType = sourcecode.swift; path = AssetsManager.swift; sourceTree = "<group>"; };
		96D26CF826F66C8A009BD961 /* OfferVC.swift */ = {isa = PBXFileReference; lastKnownFileType = sourcecode.swift; path = OfferVC.swift; sourceTree = "<group>"; };
		96D26CFA26F66C98009BD961 /* OfferView.swift */ = {isa = PBXFileReference; lastKnownFileType = sourcecode.swift; path = OfferView.swift; sourceTree = "<group>"; };
		96D26CFD26F66CA9009BD961 /* OfferTableViewCell.swift */ = {isa = PBXFileReference; lastKnownFileType = sourcecode.swift; path = OfferTableViewCell.swift; sourceTree = "<group>"; };
		96D26D0026F66CDD009BD961 /* Base */ = {isa = PBXFileReference; lastKnownFileType = file.storyboard; name = Base; path = Base.lproj/Offers.storyboard; sourceTree = "<group>"; };
		96D26D0326F66CE3009BD961 /* ar */ = {isa = PBXFileReference; lastKnownFileType = text.plist.strings; name = ar; path = ar.lproj/Offers.strings; sourceTree = "<group>"; };
		96D26D0526F67325009BD961 /* MainCategoryVC.swift */ = {isa = PBXFileReference; lastKnownFileType = sourcecode.swift; path = MainCategoryVC.swift; sourceTree = "<group>"; };
		96D26D0726F67338009BD961 /* MainCategoryView.swift */ = {isa = PBXFileReference; lastKnownFileType = sourcecode.swift; path = MainCategoryView.swift; sourceTree = "<group>"; };
		96D26D0A26F6734D009BD961 /* MainCategoryTableViewCell.swift */ = {isa = PBXFileReference; lastKnownFileType = sourcecode.swift; path = MainCategoryTableViewCell.swift; sourceTree = "<group>"; };
		96D26D0D26F67905009BD961 /* StoreVC.swift */ = {isa = PBXFileReference; lastKnownFileType = sourcecode.swift; path = StoreVC.swift; sourceTree = "<group>"; };
		96D26D0F26F67915009BD961 /* StoreView.swift */ = {isa = PBXFileReference; lastKnownFileType = sourcecode.swift; path = StoreView.swift; sourceTree = "<group>"; };
		96D26D1226F67928009BD961 /* StoreTableViewCell.swift */ = {isa = PBXFileReference; lastKnownFileType = sourcecode.swift; path = StoreTableViewCell.swift; sourceTree = "<group>"; };
		96D26D1526F68426009BD961 /* FavoriteVC.swift */ = {isa = PBXFileReference; lastKnownFileType = sourcecode.swift; path = FavoriteVC.swift; sourceTree = "<group>"; };
		96D26D1726F68436009BD961 /* FavoriteView.swift */ = {isa = PBXFileReference; lastKnownFileType = sourcecode.swift; path = FavoriteView.swift; sourceTree = "<group>"; };
		96D26D1A26F6844F009BD961 /* FavoriteTableViewCell.swift */ = {isa = PBXFileReference; lastKnownFileType = sourcecode.swift; path = FavoriteTableViewCell.swift; sourceTree = "<group>"; };
		96D26D1D26F68C01009BD961 /* StoreCategoryVC.swift */ = {isa = PBXFileReference; lastKnownFileType = sourcecode.swift; path = StoreCategoryVC.swift; sourceTree = "<group>"; };
		96D26D1F26F68C10009BD961 /* StoreCategoryView.swift */ = {isa = PBXFileReference; lastKnownFileType = sourcecode.swift; path = StoreCategoryView.swift; sourceTree = "<group>"; };
		96D26D2226F68C27009BD961 /* StoreCategoryTableViewCell.swift */ = {isa = PBXFileReference; lastKnownFileType = sourcecode.swift; path = StoreCategoryTableViewCell.swift; sourceTree = "<group>"; };
		96D26D2526F68FDE009BD961 /* StoreSubCategoryVC.swift */ = {isa = PBXFileReference; lastKnownFileType = sourcecode.swift; path = StoreSubCategoryVC.swift; sourceTree = "<group>"; };
		96D26D2726F68FF3009BD961 /* StoreSubCategoryView.swift */ = {isa = PBXFileReference; lastKnownFileType = sourcecode.swift; path = StoreSubCategoryView.swift; sourceTree = "<group>"; };
		96D26D2A26F6900B009BD961 /* StoreSubCategoryTableViewCell.swift */ = {isa = PBXFileReference; lastKnownFileType = sourcecode.swift; path = StoreSubCategoryTableViewCell.swift; sourceTree = "<group>"; };
		96E1154D26F6564D005EFA2C /* en */ = {isa = PBXFileReference; lastKnownFileType = text.plist.strings; name = en; path = en.lproj/Localizable.strings; sourceTree = "<group>"; };
		96E1155426F65B06005EFA2C /* en */ = {isa = PBXFileReference; lastKnownFileType = text.plist.strings; name = en; path = en.lproj/Localizable.strings; sourceTree = "<group>"; };
		96E1155626F65B0A005EFA2C /* ar */ = {isa = PBXFileReference; lastKnownFileType = text.plist.strings; name = ar; path = ar.lproj/Localizable.strings; sourceTree = "<group>"; };
		96E1155826F66347005EFA2C /* TabbarVC.swift */ = {isa = PBXFileReference; lastKnownFileType = sourcecode.swift; path = TabbarVC.swift; sourceTree = "<group>"; };
		96EB065C2702048A00586EB4 /* RateVC.swift */ = {isa = PBXFileReference; lastKnownFileType = sourcecode.swift; path = RateVC.swift; sourceTree = "<group>"; };
		96EB065E2702049C00586EB4 /* RateView.swift */ = {isa = PBXFileReference; lastKnownFileType = sourcecode.swift; path = RateView.swift; sourceTree = "<group>"; };
		96EB0661270204B100586EB4 /* RateTableViewCell.swift */ = {isa = PBXFileReference; lastKnownFileType = sourcecode.swift; path = RateTableViewCell.swift; sourceTree = "<group>"; };
		96EB066627022A5F00586EB4 /* OrdersVC.swift */ = {isa = PBXFileReference; lastKnownFileType = sourcecode.swift; path = OrdersVC.swift; sourceTree = "<group>"; };
		96EB066827022A7800586EB4 /* OrdersView.swift */ = {isa = PBXFileReference; lastKnownFileType = sourcecode.swift; path = OrdersView.swift; sourceTree = "<group>"; };
		96EB066B27022A9300586EB4 /* OrdersTableViewCell.swift */ = {isa = PBXFileReference; lastKnownFileType = sourcecode.swift; path = OrdersTableViewCell.swift; sourceTree = "<group>"; };
		96EB066E2702350C00586EB4 /* Base */ = {isa = PBXFileReference; lastKnownFileType = file.storyboard; name = Base; path = Base.lproj/Orders.storyboard; sourceTree = "<group>"; };
		96EB06712702351300586EB4 /* ar */ = {isa = PBXFileReference; lastKnownFileType = text.plist.strings; name = ar; path = ar.lproj/Orders.strings; sourceTree = "<group>"; };
		96EB06732702363300586EB4 /* OrderDetailsVC.swift */ = {isa = PBXFileReference; lastKnownFileType = sourcecode.swift; path = OrderDetailsVC.swift; sourceTree = "<group>"; };
		96EB06752702364300586EB4 /* OrderDetailsView.swift */ = {isa = PBXFileReference; lastKnownFileType = sourcecode.swift; path = OrderDetailsView.swift; sourceTree = "<group>"; };
		96EB06782702365A00586EB4 /* OrderDetailsTableViewCell.swift */ = {isa = PBXFileReference; lastKnownFileType = sourcecode.swift; path = OrderDetailsTableViewCell.swift; sourceTree = "<group>"; };
		9D27792DF1A00AF495E854F7 /* Pods-VoltM.release.xcconfig */ = {isa = PBXFileReference; includeInIndex = 1; lastKnownFileType = text.xcconfig; name = "Pods-VoltM.release.xcconfig"; path = "Target Support Files/Pods-VoltM/Pods-VoltM.release.xcconfig"; sourceTree = "<group>"; };
		C663011ABB7FF73429958092 /* Pods-VoltMTests.release.xcconfig */ = {isa = PBXFileReference; includeInIndex = 1; lastKnownFileType = text.xcconfig; name = "Pods-VoltMTests.release.xcconfig"; path = "Target Support Files/Pods-VoltMTests/Pods-VoltMTests.release.xcconfig"; sourceTree = "<group>"; };
		DE4E4093761A76D8D10F4FEC /* Pods-VoltMTests.debug.xcconfig */ = {isa = PBXFileReference; includeInIndex = 1; lastKnownFileType = text.xcconfig; name = "Pods-VoltMTests.debug.xcconfig"; path = "Target Support Files/Pods-VoltMTests/Pods-VoltMTests.debug.xcconfig"; sourceTree = "<group>"; };
		E4E7461B643921A513C36B0A /* Pods_VoltMTests.framework */ = {isa = PBXFileReference; explicitFileType = wrapper.framework; includeInIndex = 0; path = Pods_VoltMTests.framework; sourceTree = BUILT_PRODUCTS_DIR; };
		F78F5D590CB7FF22DACEBE72 /* Pods_VoltM_VoltMUITests.framework */ = {isa = PBXFileReference; explicitFileType = wrapper.framework; includeInIndex = 0; path = Pods_VoltM_VoltMUITests.framework; sourceTree = BUILT_PRODUCTS_DIR; };
/* End PBXFileReference section */

/* Begin PBXFrameworksBuildPhase section */
		96CD1E3926E514E3000BC132 /* Frameworks */ = {
			isa = PBXFrameworksBuildPhase;
			buildActionMask = 2147483647;
			files = (
				BAE0822F158DD86351FEC158 /* Pods_VoltM.framework in Frameworks */,
			);
			runOnlyForDeploymentPostprocessing = 0;
		};
		96CD1E4F26E514E4000BC132 /* Frameworks */ = {
			isa = PBXFrameworksBuildPhase;
			buildActionMask = 2147483647;
			files = (
				631F6A36594EC18441485608 /* Pods_VoltMTests.framework in Frameworks */,
			);
			runOnlyForDeploymentPostprocessing = 0;
		};
		96CD1E5A26E514E4000BC132 /* Frameworks */ = {
			isa = PBXFrameworksBuildPhase;
			buildActionMask = 2147483647;
			files = (
				0325EAE9C558D5E38E18ABB3 /* Pods_VoltM_VoltMUITests.framework in Frameworks */,
			);
			runOnlyForDeploymentPostprocessing = 0;
		};
/* End PBXFrameworksBuildPhase section */

/* Begin PBXGroup section */
		53C3C7ACE21FBBF2983741C4 /* Frameworks */ = {
			isa = PBXGroup;
			children = (
				5334F75A8B3197EACFE5AB26 /* Pods_VoltM.framework */,
				F78F5D590CB7FF22DACEBE72 /* Pods_VoltM_VoltMUITests.framework */,
				E4E7461B643921A513C36B0A /* Pods_VoltMTests.framework */,
			);
			name = Frameworks;
			sourceTree = "<group>";
		};
		96019E1526F6478D00BAF3AA /* HomeVC */ = {
			isa = PBXGroup;
			children = (
				96019E1626F647A700BAF3AA /* HomeVC.swift */,
				96019E1826F647BD00BAF3AA /* HomeView.swift */,
				96019E1A26F6484E00BAF3AA /* Cells */,
			);
			path = HomeVC;
			sourceTree = "<group>";
		};
		96019E1A26F6484E00BAF3AA /* Cells */ = {
			isa = PBXGroup;
			children = (
				96019E1B26F6486A00BAF3AA /* HomeTableViewCell.swift */,
			);
			path = Cells;
			sourceTree = "<group>";
		};
		960DB0E926F8F51800B5352F /* UpdateContact */ = {
			isa = PBXGroup;
			children = (
				960DB0EA26F8F54900B5352F /* UpdateContactVC.swift */,
				960DB0EC26F8F55F00B5352F /* UpdateContactView.swift */,
			);
			path = UpdateContact;
			sourceTree = "<group>";
		};
		96746ED4272458100074421B /* SignInVC */ = {
			isa = PBXGroup;
			children = (
				96746ED6272458380074421B /* SignInVC.swift */,
				96746ED8272458450074421B /* SignInView.swift */,
			);
			path = SignInVC;
			sourceTree = "<group>";
		};
		96746ED5272458180074421B /* SignUpVC */ = {
			isa = PBXGroup;
			children = (
				96746EDA272458530074421B /* SignUpVC.swift */,
				96746EDC2724586E0074421B /* SignUpView.swift */,
			);
			path = SignUpVC;
			sourceTree = "<group>";
		};
		9685234E26F77736008C6E6A /* CartVC */ = {
			isa = PBXGroup;
			children = (
				9685234F26F7774E008C6E6A /* CartVC.swift */,
				9685235126F77762008C6E6A /* CartView.swift */,
				9685235326F77765008C6E6A /* Cells */,
			);
			path = CartVC;
			sourceTree = "<group>";
		};
		9685235326F77765008C6E6A /* Cells */ = {
			isa = PBXGroup;
			children = (
				9685235426F77772008C6E6A /* CartTableViewCell.swift */,
			);
			path = Cells;
			sourceTree = "<group>";
		};
		9685235826F78013008C6E6A /* ProductVC */ = {
			isa = PBXGroup;
			children = (
				9685235926F780A9008C6E6A /* ProductVC.swift */,
				9685235B26F780BB008C6E6A /* ProductView.swift */,
				9685235D26F780BF008C6E6A /* Cells */,
			);
			path = ProductVC;
			sourceTree = "<group>";
		};
		9685235D26F780BF008C6E6A /* Cells */ = {
			isa = PBXGroup;
			children = (
				9685235E26F780D2008C6E6A /* ProductTableViewCell.swift */,
			);
			path = Cells;
			sourceTree = "<group>";
		};
		9685236526F7990D008C6E6A /* ProductDetails */ = {
			isa = PBXGroup;
			children = (
				9685236626F7992E008C6E6A /* ProductDetailsVC.swift */,
				9685236826F79940008C6E6A /* ProductDetailsView.swift */,
			);
			path = ProductDetails;
			sourceTree = "<group>";
		};
		9685236C26F7A7E3008C6E6A /* MainSideMenuVC */ = {
			isa = PBXGroup;
			children = (
				9685236F26F7A86A008C6E6A /* SideMenuVC.swift */,
				9685236D26F7A83D008C6E6A /* SideMenuView.swift */,
				9685237126F7A870008C6E6A /* Cells */,
			);
			path = MainSideMenuVC;
			sourceTree = "<group>";
		};
		9685237126F7A870008C6E6A /* Cells */ = {
			isa = PBXGroup;
			children = (
				9685237226F7A880008C6E6A /* SideMenuTableViewCell.swift */,
			);
			path = Cells;
			sourceTree = "<group>";
		};
		9685237426F7B827008C6E6A /* LanguageVC */ = {
			isa = PBXGroup;
			children = (
				9685237526F7B850008C6E6A /* LanguageVC.swift */,
				9685237726F7B85F008C6E6A /* LanguageView.swift */,
			);
			path = LanguageVC;
			sourceTree = "<group>";
		};
		9685237926F7C7E1008C6E6A /* CountryVC */ = {
			isa = PBXGroup;
			children = (
				9685237A26F7C7FD008C6E6A /* CountryVC.swift */,
				9685237C26F7C811008C6E6A /* CountryView.swift */,
			);
			path = CountryVC;
			sourceTree = "<group>";
		};
		9685238526F7D526008C6E6A /* UpdateInfoVC */ = {
			isa = PBXGroup;
			children = (
				9685238626F7D553008C6E6A /* UpdateInfoVC.swift */,
				9685238826F7D563008C6E6A /* UpdateInfoView.swift */,
			);
			path = UpdateInfoVC;
			sourceTree = "<group>";
		};
		9685238A26F7D805008C6E6A /* UpdateAddress */ = {
			isa = PBXGroup;
			children = (
				9685238B26F7D827008C6E6A /* UpdateAddressVC.swift */,
				9685238F26F7D881008C6E6A /* UpdateAddressView.swift */,
			);
			path = UpdateAddress;
			sourceTree = "<group>";
		};
		9685239126F7DC2B008C6E6A /* Modal */ = {
			isa = PBXGroup;
			children = (
			);
			path = Modal;
			sourceTree = "<group>";
		};
		96CD1E3326E514E3000BC132 = {
			isa = PBXGroup;
			children = (
				96CD1E9026E5201B000BC132 /* swiftgen.yml */,
				96CD1E3E26E514E3000BC132 /* VoltM */,
				96CD1E5526E514E4000BC132 /* VoltMTests */,
				96CD1E6026E514E4000BC132 /* VoltMUITests */,
				96CD1E3D26E514E3000BC132 /* Products */,
				F8584F4DF29504CB50F10A94 /* Pods */,
				53C3C7ACE21FBBF2983741C4 /* Frameworks */,
			);
			sourceTree = "<group>";
		};
		96CD1E3D26E514E3000BC132 /* Products */ = {
			isa = PBXGroup;
			children = (
				96CD1E3C26E514E3000BC132 /* VoltM.app */,
				96CD1E5226E514E4000BC132 /* VoltMTests.xctest */,
				96CD1E5D26E514E4000BC132 /* VoltMUITests.xctest */,
			);
			name = Products;
			sourceTree = "<group>";
		};
		96CD1E3E26E514E3000BC132 /* VoltM */ = {
			isa = PBXGroup;
			children = (
				96CD1E6F26E51AD7000BC132 /* Shared */,
				96CD1E7026E51B24000BC132 /* Extension */,
				96CD1E7726E51BE9000BC132 /* Utilities */,
				96CD1E7B26E51C49000BC132 /* Manager */,
				9685239126F7DC2B008C6E6A /* Modal */,
				96CD1E8426E51D75000BC132 /* Views */,
				96CD1E7A26E51C36000BC132 /* Localization */,
				96CD1E8626E51DF0000BC132 /* StoryBoards */,
				96CD1E9326E520A7000BC132 /* Resources */,
				96CD1EA526E52495000BC132 /* Assets.xcassets */,
				96CD1EA826E52583000BC132 /* AssetsManager.swift */,
				96CD1E4A26E514E4000BC132 /* LaunchScreen.storyboard */,
				96CD1E4D26E514E4000BC132 /* Info.plist */,
			);
			path = VoltM;
			sourceTree = "<group>";
		};
		96CD1E5526E514E4000BC132 /* VoltMTests */ = {
			isa = PBXGroup;
			children = (
				96CD1E5626E514E4000BC132 /* VoltMTests.swift */,
				96CD1E5826E514E4000BC132 /* Info.plist */,
			);
			path = VoltMTests;
			sourceTree = "<group>";
		};
		96CD1E6026E514E4000BC132 /* VoltMUITests */ = {
			isa = PBXGroup;
			children = (
				96CD1E6126E514E4000BC132 /* VoltMUITests.swift */,
				96CD1E6326E514E4000BC132 /* Info.plist */,
			);
			path = VoltMUITests;
			sourceTree = "<group>";
		};
		96CD1E6F26E51AD7000BC132 /* Shared */ = {
			isa = PBXGroup;
			children = (
				96CD1E3F26E514E3000BC132 /* AppDelegate.swift */,
				96CD1E4126E514E3000BC132 /* SceneDelegate.swift */,
			);
			path = Shared;
			sourceTree = "<group>";
		};
		96CD1E7026E51B24000BC132 /* Extension */ = {
			isa = PBXGroup;
			children = (
				96CD1E7126E51B47000BC132 /* UIView.swift */,
				96CD1E7326E51B78000BC132 /* UIViewController+Create.swift */,
				96CD1E7526E51BB2000BC132 /* UIColor.swift */,
			);
			path = Extension;
			sourceTree = "<group>";
		};
		96CD1E7726E51BE9000BC132 /* Utilities */ = {
			isa = PBXGroup;
			children = (
				96CD1E7826E51BFC000BC132 /* Constant.swift */,
			);
			path = Utilities;
			sourceTree = "<group>";
		};
		96CD1E7A26E51C36000BC132 /* Localization */ = {
			isa = PBXGroup;
			children = (
				96E1155526F65B06005EFA2C /* Localizable.strings */,
			);
			path = Localization;
			sourceTree = "<group>";
		};
		96CD1E7B26E51C49000BC132 /* Manager */ = {
			isa = PBXGroup;
			children = (
				96CD1E7C26E51C5A000BC132 /* APIRouter.swift */,
				96CD1E7E26E51CF0000BC132 /* APIManager.swift */,
				96CD1E8026E51D38000BC132 /* UserDefaultManager.swift */,
				96CD1E8226E51D5B000BC132 /* Validator.swift */,
			);
			path = Manager;
			sourceTree = "<group>";
		};
		96CD1E8426E51D75000BC132 /* Views */ = {
			isa = PBXGroup;
			children = (
				96CD1E8526E51D80000BC132 /* WelcomeVC */,
				96746ED4272458100074421B /* SignInVC */,
				96746ED5272458180074421B /* SignUpVC */,
				96E1155726F66327005EFA2C /* TabBarVC */,
				96019E1526F6478D00BAF3AA /* HomeVC */,
				9685236C26F7A7E3008C6E6A /* MainSideMenuVC */,
				9685237426F7B827008C6E6A /* LanguageVC */,
				9685237926F7C7E1008C6E6A /* CountryVC */,
				96D26CF726F66C6E009BD961 /* OffersVC */,
				96D26D0426F67302009BD961 /* MainCategoryVC */,
				96D26D0C26F678E3009BD961 /* StoreVC */,
				96D26D1C26F68BE3009BD961 /* StoreCategoryVC */,
				96D26D2426F68FB7009BD961 /* StoreSubCategoryVC */,
				9685235826F78013008C6E6A /* ProductVC */,
				9685236526F7990D008C6E6A /* ProductDetails */,
				96EB065B2702046B00586EB4 /* RateVC */,
				96EB066527022A3500586EB4 /* OrdersVC */,
				96EB06722702360800586EB4 /* OrderDetailsVC */,
				9685234E26F77736008C6E6A /* CartVC */,
				96D26D1426F6840B009BD961 /* FavoriteVC */,
				9685238526F7D526008C6E6A /* UpdateInfoVC */,
				9685238A26F7D805008C6E6A /* UpdateAddress */,
				960DB0E926F8F51800B5352F /* UpdateContact */,
			);
			path = Views;
			sourceTree = "<group>";
		};
		96CD1E8526E51D80000BC132 /* WelcomeVC */ = {
			isa = PBXGroup;
			children = (
				96CD1E4326E514E3000BC132 /* WelcomeVC.swift */,
				9647C00926FF3C9300C03A5B /* WelcomeView.swift */,
			);
			path = WelcomeVC;
			sourceTree = "<group>";
		};
		96CD1E8626E51DF0000BC132 /* StoryBoards */ = {
			isa = PBXGroup;
			children = (
				96CD1E4526E514E3000BC132 /* Main.storyboard */,
				96019E1326F6470400BAF3AA /* Home.storyboard */,
				96D26D0126F66CDD009BD961 /* Offers.storyboard */,
				9685236226F78106008C6E6A /* Products.storyboard */,
				9685236A26F7A5C6008C6E6A /* SideMenu.storyboard */,
				96EB066F2702350C00586EB4 /* Orders.storyboard */,
				9685238226F7D308008C6E6A /* Account.storyboard */,
			);
			path = StoryBoards;
			sourceTree = "<group>";
		};
		96CD1E9326E520A7000BC132 /* Resources */ = {
			isa = PBXGroup;
			children = (
				96CD1E9626E520E1000BC132 /* Strings */,
				96CD1E9526E520D8000BC132 /* Colors */,
			);
			path = Resources;
			sourceTree = "<group>";
		};
		96CD1E9526E520D8000BC132 /* Colors */ = {
			isa = PBXGroup;
			children = (
				96CD1E9726E52102000BC132 /* color.txt */,
				96CD1E9D26E521D0000BC132 /* Colors.swift */,
			);
			path = Colors;
			sourceTree = "<group>";
		};
		96CD1E9626E520E1000BC132 /* Strings */ = {
			isa = PBXGroup;
			children = (
				96E1154E26F6564D005EFA2C /* Localizable.strings */,
				96CD1E9B26E521C7000BC132 /* Strings.swift */,
			);
			path = Strings;
			sourceTree = "<group>";
		};
		96D26CF726F66C6E009BD961 /* OffersVC */ = {
			isa = PBXGroup;
			children = (
				96D26CF826F66C8A009BD961 /* OfferVC.swift */,
				96D26CFA26F66C98009BD961 /* OfferView.swift */,
				96D26CFC26F66C9B009BD961 /* Cells */,
			);
			path = OffersVC;
			sourceTree = "<group>";
		};
		96D26CFC26F66C9B009BD961 /* Cells */ = {
			isa = PBXGroup;
			children = (
				96D26CFD26F66CA9009BD961 /* OfferTableViewCell.swift */,
			);
			path = Cells;
			sourceTree = "<group>";
		};
		96D26D0426F67302009BD961 /* MainCategoryVC */ = {
			isa = PBXGroup;
			children = (
				96D26D0526F67325009BD961 /* MainCategoryVC.swift */,
				96D26D0726F67338009BD961 /* MainCategoryView.swift */,
				96D26D0926F6733C009BD961 /* Cells */,
			);
			path = MainCategoryVC;
			sourceTree = "<group>";
		};
		96D26D0926F6733C009BD961 /* Cells */ = {
			isa = PBXGroup;
			children = (
				96D26D0A26F6734D009BD961 /* MainCategoryTableViewCell.swift */,
			);
			path = Cells;
			sourceTree = "<group>";
		};
		96D26D0C26F678E3009BD961 /* StoreVC */ = {
			isa = PBXGroup;
			children = (
				96D26D0D26F67905009BD961 /* StoreVC.swift */,
				96D26D0F26F67915009BD961 /* StoreView.swift */,
				96D26D1126F67919009BD961 /* Cells */,
			);
			path = StoreVC;
			sourceTree = "<group>";
		};
		96D26D1126F67919009BD961 /* Cells */ = {
			isa = PBXGroup;
			children = (
				96D26D1226F67928009BD961 /* StoreTableViewCell.swift */,
			);
			path = Cells;
			sourceTree = "<group>";
		};
		96D26D1426F6840B009BD961 /* FavoriteVC */ = {
			isa = PBXGroup;
			children = (
				96D26D1526F68426009BD961 /* FavoriteVC.swift */,
				96D26D1726F68436009BD961 /* FavoriteView.swift */,
				96D26D1926F6843B009BD961 /* Cells */,
			);
			path = FavoriteVC;
			sourceTree = "<group>";
		};
		96D26D1926F6843B009BD961 /* Cells */ = {
			isa = PBXGroup;
			children = (
				96D26D1A26F6844F009BD961 /* FavoriteTableViewCell.swift */,
			);
			path = Cells;
			sourceTree = "<group>";
		};
		96D26D1C26F68BE3009BD961 /* StoreCategoryVC */ = {
			isa = PBXGroup;
			children = (
				96D26D1D26F68C01009BD961 /* StoreCategoryVC.swift */,
				96D26D1F26F68C10009BD961 /* StoreCategoryView.swift */,
				96D26D2126F68C16009BD961 /* Cells */,
			);
			path = StoreCategoryVC;
			sourceTree = "<group>";
		};
		96D26D2126F68C16009BD961 /* Cells */ = {
			isa = PBXGroup;
			children = (
				96D26D2226F68C27009BD961 /* StoreCategoryTableViewCell.swift */,
			);
			path = Cells;
			sourceTree = "<group>";
		};
		96D26D2426F68FB7009BD961 /* StoreSubCategoryVC */ = {
			isa = PBXGroup;
			children = (
				96D26D2526F68FDE009BD961 /* StoreSubCategoryVC.swift */,
				96D26D2726F68FF3009BD961 /* StoreSubCategoryView.swift */,
				96D26D2926F68FF7009BD961 /* Cells */,
			);
			path = StoreSubCategoryVC;
			sourceTree = "<group>";
		};
		96D26D2926F68FF7009BD961 /* Cells */ = {
			isa = PBXGroup;
			children = (
				96D26D2A26F6900B009BD961 /* StoreSubCategoryTableViewCell.swift */,
			);
			path = Cells;
			sourceTree = "<group>";
		};
		96E1155726F66327005EFA2C /* TabBarVC */ = {
			isa = PBXGroup;
			children = (
				96E1155826F66347005EFA2C /* TabbarVC.swift */,
			);
			path = TabBarVC;
			sourceTree = "<group>";
		};
		96EB065B2702046B00586EB4 /* RateVC */ = {
			isa = PBXGroup;
			children = (
				96EB065C2702048A00586EB4 /* RateVC.swift */,
				96EB065E2702049C00586EB4 /* RateView.swift */,
				96EB0660270204A200586EB4 /* Cells */,
			);
			path = RateVC;
			sourceTree = "<group>";
		};
		96EB0660270204A200586EB4 /* Cells */ = {
			isa = PBXGroup;
			children = (
				96EB0661270204B100586EB4 /* RateTableViewCell.swift */,
			);
			path = Cells;
			sourceTree = "<group>";
		};
		96EB066527022A3500586EB4 /* OrdersVC */ = {
			isa = PBXGroup;
			children = (
				96EB066627022A5F00586EB4 /* OrdersVC.swift */,
				96EB066827022A7800586EB4 /* OrdersView.swift */,
				96EB066A27022A7E00586EB4 /* cells */,
			);
			path = OrdersVC;
			sourceTree = "<group>";
		};
		96EB066A27022A7E00586EB4 /* cells */ = {
			isa = PBXGroup;
			children = (
				96EB066B27022A9300586EB4 /* OrdersTableViewCell.swift */,
			);
			path = cells;
			sourceTree = "<group>";
		};
		96EB06722702360800586EB4 /* OrderDetailsVC */ = {
			isa = PBXGroup;
			children = (
				96EB06732702363300586EB4 /* OrderDetailsVC.swift */,
				96EB06752702364300586EB4 /* OrderDetailsView.swift */,
				96EB06772702364700586EB4 /* Cells */,
			);
			path = OrderDetailsVC;
			sourceTree = "<group>";
		};
		96EB06772702364700586EB4 /* Cells */ = {
			isa = PBXGroup;
			children = (
				96EB06782702365A00586EB4 /* OrderDetailsTableViewCell.swift */,
			);
			path = Cells;
			sourceTree = "<group>";
		};
		F8584F4DF29504CB50F10A94 /* Pods */ = {
			isa = PBXGroup;
			children = (
				1F979156E5C6D5D0A9EF791B /* Pods-VoltM.debug.xcconfig */,
				9D27792DF1A00AF495E854F7 /* Pods-VoltM.release.xcconfig */,
				4D635B049DAFC9C5736BACAA /* Pods-VoltM-VoltMUITests.debug.xcconfig */,
				63554CA262E50A373B8DEEFF /* Pods-VoltM-VoltMUITests.release.xcconfig */,
				DE4E4093761A76D8D10F4FEC /* Pods-VoltMTests.debug.xcconfig */,
				C663011ABB7FF73429958092 /* Pods-VoltMTests.release.xcconfig */,
			);
			path = Pods;
			sourceTree = "<group>";
		};
/* End PBXGroup section */

/* Begin PBXNativeTarget section */
		96CD1E3B26E514E3000BC132 /* VoltM */ = {
			isa = PBXNativeTarget;
			buildConfigurationList = 96CD1E6626E514E4000BC132 /* Build configuration list for PBXNativeTarget "VoltM" */;
			buildPhases = (
				1520AF38E67FFBFB404BEE17 /* [CP] Check Pods Manifest.lock */,
				96CD1E9226E52071000BC132 /* SwiftGen */,
				96CD1E3826E514E3000BC132 /* Sources */,
				96CD1E3926E514E3000BC132 /* Frameworks */,
				96CD1E3A26E514E3000BC132 /* Resources */,
				414E2627BBCAB0937CF08115 /* [CP] Embed Pods Frameworks */,
			);
			buildRules = (
			);
			dependencies = (
			);
			name = VoltM;
			productName = VoltM;
			productReference = 96CD1E3C26E514E3000BC132 /* VoltM.app */;
			productType = "com.apple.product-type.application";
		};
		96CD1E5126E514E4000BC132 /* VoltMTests */ = {
			isa = PBXNativeTarget;
			buildConfigurationList = 96CD1E6926E514E4000BC132 /* Build configuration list for PBXNativeTarget "VoltMTests" */;
			buildPhases = (
				3486C216DE20EF1A803094BD /* [CP] Check Pods Manifest.lock */,
				96CD1E4E26E514E4000BC132 /* Sources */,
				96CD1E4F26E514E4000BC132 /* Frameworks */,
				96CD1E5026E514E4000BC132 /* Resources */,
			);
			buildRules = (
			);
			dependencies = (
				96CD1E5426E514E4000BC132 /* PBXTargetDependency */,
			);
			name = VoltMTests;
			productName = VoltMTests;
			productReference = 96CD1E5226E514E4000BC132 /* VoltMTests.xctest */;
			productType = "com.apple.product-type.bundle.unit-test";
		};
		96CD1E5C26E514E4000BC132 /* VoltMUITests */ = {
			isa = PBXNativeTarget;
			buildConfigurationList = 96CD1E6C26E514E4000BC132 /* Build configuration list for PBXNativeTarget "VoltMUITests" */;
			buildPhases = (
				E3812526CF8DC523573E4F6D /* [CP] Check Pods Manifest.lock */,
				96CD1E5926E514E4000BC132 /* Sources */,
				96CD1E5A26E514E4000BC132 /* Frameworks */,
				96CD1E5B26E514E4000BC132 /* Resources */,
				5C937F4EF55CA658A1CA5382 /* [CP] Embed Pods Frameworks */,
			);
			buildRules = (
			);
			dependencies = (
				96CD1E5F26E514E4000BC132 /* PBXTargetDependency */,
			);
			name = VoltMUITests;
			productName = VoltMUITests;
			productReference = 96CD1E5D26E514E4000BC132 /* VoltMUITests.xctest */;
			productType = "com.apple.product-type.bundle.ui-testing";
		};
/* End PBXNativeTarget section */

/* Begin PBXProject section */
		96CD1E3426E514E3000BC132 /* Project object */ = {
			isa = PBXProject;
			attributes = {
				LastSwiftUpdateCheck = 1250;
				LastUpgradeCheck = 1250;
				TargetAttributes = {
					96CD1E3B26E514E3000BC132 = {
						CreatedOnToolsVersion = 12.5.1;
					};
					96CD1E5126E514E4000BC132 = {
						CreatedOnToolsVersion = 12.5.1;
						TestTargetID = 96CD1E3B26E514E3000BC132;
					};
					96CD1E5C26E514E4000BC132 = {
						CreatedOnToolsVersion = 12.5.1;
						TestTargetID = 96CD1E3B26E514E3000BC132;
					};
				};
			};
			buildConfigurationList = 96CD1E3726E514E3000BC132 /* Build configuration list for PBXProject "VoltM" */;
			compatibilityVersion = "Xcode 9.3";
			developmentRegion = en;
			hasScannedForEncodings = 0;
			knownRegions = (
				en,
				Base,
				ar,
			);
			mainGroup = 96CD1E3326E514E3000BC132;
			productRefGroup = 96CD1E3D26E514E3000BC132 /* Products */;
			projectDirPath = "";
			projectRoot = "";
			targets = (
				96CD1E3B26E514E3000BC132 /* VoltM */,
				96CD1E5126E514E4000BC132 /* VoltMTests */,
				96CD1E5C26E514E4000BC132 /* VoltMUITests */,
			);
		};
/* End PBXProject section */

/* Begin PBXResourcesBuildPhase section */
		96CD1E3A26E514E3000BC132 /* Resources */ = {
			isa = PBXResourcesBuildPhase;
			buildActionMask = 2147483647;
			files = (
				9685236026F78106008C6E6A /* Products.storyboard in Resources */,
				96019E1126F6470400BAF3AA /* Home.storyboard in Resources */,
				96CD1E4C26E514E4000BC132 /* LaunchScreen.storyboard in Resources */,
				96CD1E9126E5201B000BC132 /* swiftgen.yml in Resources */,
				96CD1E4726E514E3000BC132 /* Main.storyboard in Resources */,
				96E1155326F65B06005EFA2C /* Localizable.strings in Resources */,
				9685238026F7D308008C6E6A /* Account.storyboard in Resources */,
				96EB066D2702350C00586EB4 /* Orders.storyboard in Resources */,
				9685236B26F7A5C6008C6E6A /* SideMenu.storyboard in Resources */,
				96D26CFF26F66CDD009BD961 /* Offers.storyboard in Resources */,
				96CD1EA626E52495000BC132 /* Assets.xcassets in Resources */,
				96CD1E9826E52102000BC132 /* color.txt in Resources */,
			);
			runOnlyForDeploymentPostprocessing = 0;
		};
		96CD1E5026E514E4000BC132 /* Resources */ = {
			isa = PBXResourcesBuildPhase;
			buildActionMask = 2147483647;
			files = (
			);
			runOnlyForDeploymentPostprocessing = 0;
		};
		96CD1E5B26E514E4000BC132 /* Resources */ = {
			isa = PBXResourcesBuildPhase;
			buildActionMask = 2147483647;
			files = (
			);
			runOnlyForDeploymentPostprocessing = 0;
		};
/* End PBXResourcesBuildPhase section */

/* Begin PBXShellScriptBuildPhase section */
		1520AF38E67FFBFB404BEE17 /* [CP] Check Pods Manifest.lock */ = {
			isa = PBXShellScriptBuildPhase;
			buildActionMask = 2147483647;
			files = (
			);
			inputFileListPaths = (
			);
			inputPaths = (
				"${PODS_PODFILE_DIR_PATH}/Podfile.lock",
				"${PODS_ROOT}/Manifest.lock",
			);
			name = "[CP] Check Pods Manifest.lock";
			outputFileListPaths = (
			);
			outputPaths = (
				"$(DERIVED_FILE_DIR)/Pods-VoltM-checkManifestLockResult.txt",
			);
			runOnlyForDeploymentPostprocessing = 0;
			shellPath = /bin/sh;
			shellScript = "diff \"${PODS_PODFILE_DIR_PATH}/Podfile.lock\" \"${PODS_ROOT}/Manifest.lock\" > /dev/null\nif [ $? != 0 ] ; then\n    # print error to STDERR\n    echo \"error: The sandbox is not in sync with the Podfile.lock. Run 'pod install' or update your CocoaPods installation.\" >&2\n    exit 1\nfi\n# This output is used by Xcode 'outputs' to avoid re-running this script phase.\necho \"SUCCESS\" > \"${SCRIPT_OUTPUT_FILE_0}\"\n";
			showEnvVarsInLog = 0;
		};
		3486C216DE20EF1A803094BD /* [CP] Check Pods Manifest.lock */ = {
			isa = PBXShellScriptBuildPhase;
			buildActionMask = 2147483647;
			files = (
			);
			inputFileListPaths = (
			);
			inputPaths = (
				"${PODS_PODFILE_DIR_PATH}/Podfile.lock",
				"${PODS_ROOT}/Manifest.lock",
			);
			name = "[CP] Check Pods Manifest.lock";
			outputFileListPaths = (
			);
			outputPaths = (
				"$(DERIVED_FILE_DIR)/Pods-VoltMTests-checkManifestLockResult.txt",
			);
			runOnlyForDeploymentPostprocessing = 0;
			shellPath = /bin/sh;
			shellScript = "diff \"${PODS_PODFILE_DIR_PATH}/Podfile.lock\" \"${PODS_ROOT}/Manifest.lock\" > /dev/null\nif [ $? != 0 ] ; then\n    # print error to STDERR\n    echo \"error: The sandbox is not in sync with the Podfile.lock. Run 'pod install' or update your CocoaPods installation.\" >&2\n    exit 1\nfi\n# This output is used by Xcode 'outputs' to avoid re-running this script phase.\necho \"SUCCESS\" > \"${SCRIPT_OUTPUT_FILE_0}\"\n";
			showEnvVarsInLog = 0;
		};
		414E2627BBCAB0937CF08115 /* [CP] Embed Pods Frameworks */ = {
			isa = PBXShellScriptBuildPhase;
			buildActionMask = 2147483647;
			files = (
			);
			inputFileListPaths = (
				"${PODS_ROOT}/Target Support Files/Pods-VoltM/Pods-VoltM-frameworks-${CONFIGURATION}-input-files.xcfilelist",
			);
			name = "[CP] Embed Pods Frameworks";
			outputFileListPaths = (
				"${PODS_ROOT}/Target Support Files/Pods-VoltM/Pods-VoltM-frameworks-${CONFIGURATION}-output-files.xcfilelist",
			);
			runOnlyForDeploymentPostprocessing = 0;
			shellPath = /bin/sh;
			shellScript = "\"${PODS_ROOT}/Target Support Files/Pods-VoltM/Pods-VoltM-frameworks.sh\"\n";
			showEnvVarsInLog = 0;
		};
		5C937F4EF55CA658A1CA5382 /* [CP] Embed Pods Frameworks */ = {
			isa = PBXShellScriptBuildPhase;
			buildActionMask = 2147483647;
			files = (
			);
			inputFileListPaths = (
				"${PODS_ROOT}/Target Support Files/Pods-VoltM-VoltMUITests/Pods-VoltM-VoltMUITests-frameworks-${CONFIGURATION}-input-files.xcfilelist",
			);
			name = "[CP] Embed Pods Frameworks";
			outputFileListPaths = (
				"${PODS_ROOT}/Target Support Files/Pods-VoltM-VoltMUITests/Pods-VoltM-VoltMUITests-frameworks-${CONFIGURATION}-output-files.xcfilelist",
			);
			runOnlyForDeploymentPostprocessing = 0;
			shellPath = /bin/sh;
			shellScript = "\"${PODS_ROOT}/Target Support Files/Pods-VoltM-VoltMUITests/Pods-VoltM-VoltMUITests-frameworks.sh\"\n";
			showEnvVarsInLog = 0;
		};
		96CD1E9226E52071000BC132 /* SwiftGen */ = {
			isa = PBXShellScriptBuildPhase;
			buildActionMask = 2147483647;
			files = (
			);
			inputFileListPaths = (
			);
			inputPaths = (
			);
			name = SwiftGen;
			outputFileListPaths = (
			);
			outputPaths = (
			);
			runOnlyForDeploymentPostprocessing = 0;
			shellPath = /bin/sh;
			shellScript = "# Type a script or drag a script file from your workspace to insert its path.\n$PODS_ROOT/SwiftGen/bin/swiftgen\n";
		};
		E3812526CF8DC523573E4F6D /* [CP] Check Pods Manifest.lock */ = {
			isa = PBXShellScriptBuildPhase;
			buildActionMask = 2147483647;
			files = (
			);
			inputFileListPaths = (
			);
			inputPaths = (
				"${PODS_PODFILE_DIR_PATH}/Podfile.lock",
				"${PODS_ROOT}/Manifest.lock",
			);
			name = "[CP] Check Pods Manifest.lock";
			outputFileListPaths = (
			);
			outputPaths = (
				"$(DERIVED_FILE_DIR)/Pods-VoltM-VoltMUITests-checkManifestLockResult.txt",
			);
			runOnlyForDeploymentPostprocessing = 0;
			shellPath = /bin/sh;
			shellScript = "diff \"${PODS_PODFILE_DIR_PATH}/Podfile.lock\" \"${PODS_ROOT}/Manifest.lock\" > /dev/null\nif [ $? != 0 ] ; then\n    # print error to STDERR\n    echo \"error: The sandbox is not in sync with the Podfile.lock. Run 'pod install' or update your CocoaPods installation.\" >&2\n    exit 1\nfi\n# This output is used by Xcode 'outputs' to avoid re-running this script phase.\necho \"SUCCESS\" > \"${SCRIPT_OUTPUT_FILE_0}\"\n";
			showEnvVarsInLog = 0;
		};
/* End PBXShellScriptBuildPhase section */

/* Begin PBXSourcesBuildPhase section */
		96CD1E3826E514E3000BC132 /* Sources */ = {
			isa = PBXSourcesBuildPhase;
			buildActionMask = 2147483647;
			files = (
				9685237D26F7C811008C6E6A /* CountryView.swift in Sources */,
				96D26D0B26F6734D009BD961 /* MainCategoryTableViewCell.swift in Sources */,
				96D26D2326F68C27009BD961 /* StoreCategoryTableViewCell.swift in Sources */,
				96D26D2B26F6900B009BD961 /* StoreSubCategoryTableViewCell.swift in Sources */,
				96CD1EA926E52583000BC132 /* AssetsManager.swift in Sources */,
				96D26D2626F68FDE009BD961 /* StoreSubCategoryVC.swift in Sources */,
				96CD1E7926E51BFC000BC132 /* Constant.swift in Sources */,
				96D26D1326F67928009BD961 /* StoreTableViewCell.swift in Sources */,
				960DB0EB26F8F54900B5352F /* UpdateContactVC.swift in Sources */,
				96E1155926F66347005EFA2C /* TabbarVC.swift in Sources */,
				9685237626F7B850008C6E6A /* LanguageVC.swift in Sources */,
				96CD1E7426E51B78000BC132 /* UIViewController+Create.swift in Sources */,
				9685235526F77772008C6E6A /* CartTableViewCell.swift in Sources */,
				96CD1E7F26E51CF0000BC132 /* APIManager.swift in Sources */,
				9685237826F7B85F008C6E6A /* LanguageView.swift in Sources */,
				96746ED9272458450074421B /* SignInView.swift in Sources */,
				96D26D1E26F68C01009BD961 /* StoreCategoryVC.swift in Sources */,
				96D26D0826F67338009BD961 /* MainCategoryView.swift in Sources */,
				96CD1E7626E51BB2000BC132 /* UIColor.swift in Sources */,
				9685236E26F7A83D008C6E6A /* SideMenuView.swift in Sources */,
				96D26CFE26F66CA9009BD961 /* OfferTableViewCell.swift in Sources */,
				96CD1E8126E51D38000BC132 /* UserDefaultManager.swift in Sources */,
				96019E1726F647A700BAF3AA /* HomeVC.swift in Sources */,
				9685236926F79940008C6E6A /* ProductDetailsView.swift in Sources */,
				9685237B26F7C7FD008C6E6A /* CountryVC.swift in Sources */,
				96D26D1626F68426009BD961 /* FavoriteVC.swift in Sources */,
				96019E1C26F6486A00BAF3AA /* HomeTableViewCell.swift in Sources */,
				96EB06792702365A00586EB4 /* OrderDetailsTableViewCell.swift in Sources */,
				96CD1E8326E51D5B000BC132 /* Validator.swift in Sources */,
				96CD1E7226E51B47000BC132 /* UIView.swift in Sources */,
				96CD1E4426E514E3000BC132 /* WelcomeVC.swift in Sources */,
				96CD1E9E26E521D0000BC132 /* Colors.swift in Sources */,
				9685237326F7A880008C6E6A /* SideMenuTableViewCell.swift in Sources */,
				9685235F26F780D2008C6E6A /* ProductTableViewCell.swift in Sources */,
				9685237026F7A86A008C6E6A /* SideMenuVC.swift in Sources */,
				9685235C26F780BB008C6E6A /* ProductView.swift in Sources */,
				96CD1E7D26E51C5A000BC132 /* APIRouter.swift in Sources */,
				96EB066927022A7800586EB4 /* OrdersView.swift in Sources */,
				96746EDD2724586E0074421B /* SignUpView.swift in Sources */,
				96D26D1B26F6844F009BD961 /* FavoriteTableViewCell.swift in Sources */,
				96746ED7272458380074421B /* SignInVC.swift in Sources */,
				96CD1E4026E514E3000BC132 /* AppDelegate.swift in Sources */,
				96EB066C27022A9300586EB4 /* OrdersTableViewCell.swift in Sources */,
				96D26D1026F67915009BD961 /* StoreView.swift in Sources */,
				9685238726F7D553008C6E6A /* UpdateInfoVC.swift in Sources */,
				96EB066727022A5F00586EB4 /* OrdersVC.swift in Sources */,
				960DB0ED26F8F55F00B5352F /* UpdateContactView.swift in Sources */,
				9685239026F7D881008C6E6A /* UpdateAddressView.swift in Sources */,
				96019E1926F647BD00BAF3AA /* HomeView.swift in Sources */,
				9685235A26F780A9008C6E6A /* ProductVC.swift in Sources */,
				96EB06762702364300586EB4 /* OrderDetailsView.swift in Sources */,
				9647C00A26FF3C9300C03A5B /* WelcomeView.swift in Sources */,
				9685235026F7774E008C6E6A /* CartVC.swift in Sources */,
				9685236726F7992E008C6E6A /* ProductDetailsVC.swift in Sources */,
				96D26D2026F68C10009BD961 /* StoreCategoryView.swift in Sources */,
				96EB065D2702048A00586EB4 /* RateVC.swift in Sources */,
				96CD1E9C26E521C7000BC132 /* Strings.swift in Sources */,
				9685238926F7D563008C6E6A /* UpdateInfoView.swift in Sources */,
				96D26D1826F68436009BD961 /* FavoriteView.swift in Sources */,
				96CD1E4226E514E3000BC132 /* SceneDelegate.swift in Sources */,
				96EB06742702363300586EB4 /* OrderDetailsVC.swift in Sources */,
				96D26D2826F68FF3009BD961 /* StoreSubCategoryView.swift in Sources */,
				96D26D0626F67325009BD961 /* MainCategoryVC.swift in Sources */,
				96D26CF926F66C8A009BD961 /* OfferVC.swift in Sources */,
				96D26CFB26F66C98009BD961 /* OfferView.swift in Sources */,
				96EB0662270204B100586EB4 /* RateTableViewCell.swift in Sources */,
				96EB065F2702049C00586EB4 /* RateView.swift in Sources */,
				96746EDB272458530074421B /* SignUpVC.swift in Sources */,
				9685235226F77762008C6E6A /* CartView.swift in Sources */,
				9685238C26F7D827008C6E6A /* UpdateAddressVC.swift in Sources */,
				96D26D0E26F67905009BD961 /* StoreVC.swift in Sources */,
			);
			runOnlyForDeploymentPostprocessing = 0;
		};
		96CD1E4E26E514E4000BC132 /* Sources */ = {
			isa = PBXSourcesBuildPhase;
			buildActionMask = 2147483647;
			files = (
				96CD1E5726E514E4000BC132 /* VoltMTests.swift in Sources */,
			);
			runOnlyForDeploymentPostprocessing = 0;
		};
		96CD1E5926E514E4000BC132 /* Sources */ = {
			isa = PBXSourcesBuildPhase;
			buildActionMask = 2147483647;
			files = (
				96CD1E6226E514E4000BC132 /* VoltMUITests.swift in Sources */,
			);
			runOnlyForDeploymentPostprocessing = 0;
		};
/* End PBXSourcesBuildPhase section */

/* Begin PBXTargetDependency section */
		96CD1E5426E514E4000BC132 /* PBXTargetDependency */ = {
			isa = PBXTargetDependency;
			target = 96CD1E3B26E514E3000BC132 /* VoltM */;
			targetProxy = 96CD1E5326E514E4000BC132 /* PBXContainerItemProxy */;
		};
		96CD1E5F26E514E4000BC132 /* PBXTargetDependency */ = {
			isa = PBXTargetDependency;
			target = 96CD1E3B26E514E3000BC132 /* VoltM */;
			targetProxy = 96CD1E5E26E514E4000BC132 /* PBXContainerItemProxy */;
		};
/* End PBXTargetDependency section */

/* Begin PBXVariantGroup section */
		96019E1326F6470400BAF3AA /* Home.storyboard */ = {
			isa = PBXVariantGroup;
			children = (
				96019E1426F6471600BAF3AA /* Base */,
				96019E1E26F6540900BAF3AA /* ar */,
			);
			name = Home.storyboard;
			sourceTree = "<group>";
		};
		9685236226F78106008C6E6A /* Products.storyboard */ = {
			isa = PBXVariantGroup;
			children = (
				9685236126F78106008C6E6A /* Base */,
				9685236426F7810C008C6E6A /* ar */,
			);
			name = Products.storyboard;
			sourceTree = "<group>";
		};
		9685238226F7D308008C6E6A /* Account.storyboard */ = {
			isa = PBXVariantGroup;
			children = (
				9685238126F7D308008C6E6A /* Base */,
				9685238426F7D33D008C6E6A /* ar */,
			);
			name = Account.storyboard;
			sourceTree = "<group>";
		};
		96CD1E4526E514E3000BC132 /* Main.storyboard */ = {
			isa = PBXVariantGroup;
			children = (
				96CD1E4626E514E3000BC132 /* Base */,
				96746EDE27245CB60074421B /* ar */,
			);
			name = Main.storyboard;
			sourceTree = "<group>";
		};
		96CD1E4A26E514E4000BC132 /* LaunchScreen.storyboard */ = {
			isa = PBXVariantGroup;
			children = (
				96CD1E4B26E514E4000BC132 /* Base */,
				96019E1F26F6540900BAF3AA /* ar */,
			);
			name = LaunchScreen.storyboard;
			sourceTree = "<group>";
		};
		96D26D0126F66CDD009BD961 /* Offers.storyboard */ = {
			isa = PBXVariantGroup;
			children = (
				96D26D0026F66CDD009BD961 /* Base */,
				96D26D0326F66CE3009BD961 /* ar */,
			);
			name = Offers.storyboard;
			sourceTree = "<group>";
		};
		96E1154E26F6564D005EFA2C /* Localizable.strings */ = {
			isa = PBXVariantGroup;
			children = (
				96E1154D26F6564D005EFA2C /* en */,
			);
			name = Localizable.strings;
			sourceTree = "<group>";
		};
		96E1155526F65B06005EFA2C /* Localizable.strings */ = {
			isa = PBXVariantGroup;
			children = (
				96E1155426F65B06005EFA2C /* en */,
				96E1155626F65B0A005EFA2C /* ar */,
			);
			name = Localizable.strings;
			sourceTree = "<group>";
		};
		96EB066F2702350C00586EB4 /* Orders.storyboard */ = {
			isa = PBXVariantGroup;
			children = (
				96EB066E2702350C00586EB4 /* Base */,
				96EB06712702351300586EB4 /* ar */,
			);
			name = Orders.storyboard;
			sourceTree = "<group>";
		};
/* End PBXVariantGroup section */

/* Begin XCBuildConfiguration section */
		96CD1E6426E514E4000BC132 /* Debug */ = {
			isa = XCBuildConfiguration;
			buildSettings = {
				ALWAYS_SEARCH_USER_PATHS = NO;
				CLANG_ANALYZER_LOCALIZABILITY_NONLOCALIZED = YES;
				CLANG_ANALYZER_NONNULL = YES;
				CLANG_ANALYZER_NUMBER_OBJECT_CONVERSION = YES_AGGRESSIVE;
				CLANG_CXX_LANGUAGE_STANDARD = "gnu++14";
				CLANG_CXX_LIBRARY = "libc++";
				CLANG_ENABLE_MODULES = YES;
				CLANG_ENABLE_OBJC_ARC = YES;
				CLANG_ENABLE_OBJC_WEAK = YES;
				CLANG_WARN_BLOCK_CAPTURE_AUTORELEASING = YES;
				CLANG_WARN_BOOL_CONVERSION = YES;
				CLANG_WARN_COMMA = YES;
				CLANG_WARN_CONSTANT_CONVERSION = YES;
				CLANG_WARN_DEPRECATED_OBJC_IMPLEMENTATIONS = YES;
				CLANG_WARN_DIRECT_OBJC_ISA_USAGE = YES_ERROR;
				CLANG_WARN_DOCUMENTATION_COMMENTS = YES;
				CLANG_WARN_EMPTY_BODY = YES;
				CLANG_WARN_ENUM_CONVERSION = YES;
				CLANG_WARN_INFINITE_RECURSION = YES;
				CLANG_WARN_INT_CONVERSION = YES;
				CLANG_WARN_NON_LITERAL_NULL_CONVERSION = YES;
				CLANG_WARN_OBJC_IMPLICIT_RETAIN_SELF = YES;
				CLANG_WARN_OBJC_LITERAL_CONVERSION = YES;
				CLANG_WARN_OBJC_ROOT_CLASS = YES_ERROR;
				CLANG_WARN_QUOTED_INCLUDE_IN_FRAMEWORK_HEADER = YES;
				CLANG_WARN_RANGE_LOOP_ANALYSIS = YES;
				CLANG_WARN_STRICT_PROTOTYPES = YES;
				CLANG_WARN_SUSPICIOUS_MOVE = YES;
				CLANG_WARN_UNGUARDED_AVAILABILITY = YES_AGGRESSIVE;
				CLANG_WARN_UNREACHABLE_CODE = YES;
				CLANG_WARN__DUPLICATE_METHOD_MATCH = YES;
				COPY_PHASE_STRIP = NO;
				DEBUG_INFORMATION_FORMAT = dwarf;
				ENABLE_STRICT_OBJC_MSGSEND = YES;
				ENABLE_TESTABILITY = YES;
				GCC_C_LANGUAGE_STANDARD = gnu11;
				GCC_DYNAMIC_NO_PIC = NO;
				GCC_NO_COMMON_BLOCKS = YES;
				GCC_OPTIMIZATION_LEVEL = 0;
				GCC_PREPROCESSOR_DEFINITIONS = (
					"DEBUG=1",
					"$(inherited)",
				);
				GCC_WARN_64_TO_32_BIT_CONVERSION = YES;
				GCC_WARN_ABOUT_RETURN_TYPE = YES_ERROR;
				GCC_WARN_UNDECLARED_SELECTOR = YES;
				GCC_WARN_UNINITIALIZED_AUTOS = YES_AGGRESSIVE;
				GCC_WARN_UNUSED_FUNCTION = YES;
				GCC_WARN_UNUSED_VARIABLE = YES;
				IPHONEOS_DEPLOYMENT_TARGET = 14.5;
				MTL_ENABLE_DEBUG_INFO = INCLUDE_SOURCE;
				MTL_FAST_MATH = YES;
				ONLY_ACTIVE_ARCH = YES;
				SDKROOT = iphoneos;
				SWIFT_ACTIVE_COMPILATION_CONDITIONS = DEBUG;
				SWIFT_OPTIMIZATION_LEVEL = "-Onone";
			};
			name = Debug;
		};
		96CD1E6526E514E4000BC132 /* Release */ = {
			isa = XCBuildConfiguration;
			buildSettings = {
				ALWAYS_SEARCH_USER_PATHS = NO;
				CLANG_ANALYZER_LOCALIZABILITY_NONLOCALIZED = YES;
				CLANG_ANALYZER_NONNULL = YES;
				CLANG_ANALYZER_NUMBER_OBJECT_CONVERSION = YES_AGGRESSIVE;
				CLANG_CXX_LANGUAGE_STANDARD = "gnu++14";
				CLANG_CXX_LIBRARY = "libc++";
				CLANG_ENABLE_MODULES = YES;
				CLANG_ENABLE_OBJC_ARC = YES;
				CLANG_ENABLE_OBJC_WEAK = YES;
				CLANG_WARN_BLOCK_CAPTURE_AUTORELEASING = YES;
				CLANG_WARN_BOOL_CONVERSION = YES;
				CLANG_WARN_COMMA = YES;
				CLANG_WARN_CONSTANT_CONVERSION = YES;
				CLANG_WARN_DEPRECATED_OBJC_IMPLEMENTATIONS = YES;
				CLANG_WARN_DIRECT_OBJC_ISA_USAGE = YES_ERROR;
				CLANG_WARN_DOCUMENTATION_COMMENTS = YES;
				CLANG_WARN_EMPTY_BODY = YES;
				CLANG_WARN_ENUM_CONVERSION = YES;
				CLANG_WARN_INFINITE_RECURSION = YES;
				CLANG_WARN_INT_CONVERSION = YES;
				CLANG_WARN_NON_LITERAL_NULL_CONVERSION = YES;
				CLANG_WARN_OBJC_IMPLICIT_RETAIN_SELF = YES;
				CLANG_WARN_OBJC_LITERAL_CONVERSION = YES;
				CLANG_WARN_OBJC_ROOT_CLASS = YES_ERROR;
				CLANG_WARN_QUOTED_INCLUDE_IN_FRAMEWORK_HEADER = YES;
				CLANG_WARN_RANGE_LOOP_ANALYSIS = YES;
				CLANG_WARN_STRICT_PROTOTYPES = YES;
				CLANG_WARN_SUSPICIOUS_MOVE = YES;
				CLANG_WARN_UNGUARDED_AVAILABILITY = YES_AGGRESSIVE;
				CLANG_WARN_UNREACHABLE_CODE = YES;
				CLANG_WARN__DUPLICATE_METHOD_MATCH = YES;
				COPY_PHASE_STRIP = NO;
				DEBUG_INFORMATION_FORMAT = "dwarf-with-dsym";
				ENABLE_NS_ASSERTIONS = NO;
				ENABLE_STRICT_OBJC_MSGSEND = YES;
				GCC_C_LANGUAGE_STANDARD = gnu11;
				GCC_NO_COMMON_BLOCKS = YES;
				GCC_WARN_64_TO_32_BIT_CONVERSION = YES;
				GCC_WARN_ABOUT_RETURN_TYPE = YES_ERROR;
				GCC_WARN_UNDECLARED_SELECTOR = YES;
				GCC_WARN_UNINITIALIZED_AUTOS = YES_AGGRESSIVE;
				GCC_WARN_UNUSED_FUNCTION = YES;
				GCC_WARN_UNUSED_VARIABLE = YES;
				IPHONEOS_DEPLOYMENT_TARGET = 14.5;
				MTL_ENABLE_DEBUG_INFO = NO;
				MTL_FAST_MATH = YES;
				SDKROOT = iphoneos;
				SWIFT_COMPILATION_MODE = wholemodule;
				SWIFT_OPTIMIZATION_LEVEL = "-O";
				VALIDATE_PRODUCT = YES;
			};
			name = Release;
		};
		96CD1E6726E514E4000BC132 /* Debug */ = {
			isa = XCBuildConfiguration;
			baseConfigurationReference = 1F979156E5C6D5D0A9EF791B /* Pods-VoltM.debug.xcconfig */;
			buildSettings = {
				ASSETCATALOG_COMPILER_APPICON_NAME = AppIcon;
				ASSETCATALOG_COMPILER_GLOBAL_ACCENT_COLOR_NAME = AccentColor;
				CODE_SIGN_STYLE = Automatic;
				DEVELOPMENT_TEAM = K8C84U26G9;
				INFOPLIST_FILE = VoltM/Info.plist;
				LD_RUNPATH_SEARCH_PATHS = (
					"$(inherited)",
					"@executable_path/Frameworks",
				);
				PRODUCT_BUNDLE_IDENTIFIER = sebaie.VoltM;
				PRODUCT_NAME = "$(TARGET_NAME)";
				SWIFT_VERSION = 5.0;
				TARGETED_DEVICE_FAMILY = 1;
			};
			name = Debug;
		};
		96CD1E6826E514E4000BC132 /* Release */ = {
			isa = XCBuildConfiguration;
			baseConfigurationReference = 9D27792DF1A00AF495E854F7 /* Pods-VoltM.release.xcconfig */;
			buildSettings = {
				ASSETCATALOG_COMPILER_APPICON_NAME = AppIcon;
				ASSETCATALOG_COMPILER_GLOBAL_ACCENT_COLOR_NAME = AccentColor;
				CODE_SIGN_STYLE = Automatic;
				DEVELOPMENT_TEAM = K8C84U26G9;
				INFOPLIST_FILE = VoltM/Info.plist;
				LD_RUNPATH_SEARCH_PATHS = (
					"$(inherited)",
					"@executable_path/Frameworks",
				);
				PRODUCT_BUNDLE_IDENTIFIER = sebaie.VoltM;
				PRODUCT_NAME = "$(TARGET_NAME)";
				SWIFT_VERSION = 5.0;
				TARGETED_DEVICE_FAMILY = 1;
			};
			name = Release;
		};
		96CD1E6A26E514E4000BC132 /* Debug */ = {
			isa = XCBuildConfiguration;
			baseConfigurationReference = DE4E4093761A76D8D10F4FEC /* Pods-VoltMTests.debug.xcconfig */;
			buildSettings = {
				ALWAYS_EMBED_SWIFT_STANDARD_LIBRARIES = YES;
				BUNDLE_LOADER = "$(TEST_HOST)";
				CODE_SIGN_STYLE = Automatic;
				INFOPLIST_FILE = VoltMTests/Info.plist;
				IPHONEOS_DEPLOYMENT_TARGET = 14.5;
				LD_RUNPATH_SEARCH_PATHS = (
					"$(inherited)",
					"@executable_path/Frameworks",
					"@loader_path/Frameworks",
				);
				PRODUCT_BUNDLE_IDENTIFIER = sebaie.VoltMTests;
				PRODUCT_NAME = "$(TARGET_NAME)";
				SWIFT_VERSION = 5.0;
				TARGETED_DEVICE_FAMILY = "1,2";
				TEST_HOST = "$(BUILT_PRODUCTS_DIR)/VoltM.app/VoltM";
			};
			name = Debug;
		};
		96CD1E6B26E514E4000BC132 /* Release */ = {
			isa = XCBuildConfiguration;
			baseConfigurationReference = C663011ABB7FF73429958092 /* Pods-VoltMTests.release.xcconfig */;
			buildSettings = {
				ALWAYS_EMBED_SWIFT_STANDARD_LIBRARIES = YES;
				BUNDLE_LOADER = "$(TEST_HOST)";
				CODE_SIGN_STYLE = Automatic;
				INFOPLIST_FILE = VoltMTests/Info.plist;
				IPHONEOS_DEPLOYMENT_TARGET = 14.5;
				LD_RUNPATH_SEARCH_PATHS = (
					"$(inherited)",
					"@executable_path/Frameworks",
					"@loader_path/Frameworks",
				);
				PRODUCT_BUNDLE_IDENTIFIER = sebaie.VoltMTests;
				PRODUCT_NAME = "$(TARGET_NAME)";
				SWIFT_VERSION = 5.0;
				TARGETED_DEVICE_FAMILY = "1,2";
				TEST_HOST = "$(BUILT_PRODUCTS_DIR)/VoltM.app/VoltM";
			};
			name = Release;
		};
		96CD1E6D26E514E4000BC132 /* Debug */ = {
			isa = XCBuildConfiguration;
			baseConfigurationReference = 4D635B049DAFC9C5736BACAA /* Pods-VoltM-VoltMUITests.debug.xcconfig */;
			buildSettings = {
				ALWAYS_EMBED_SWIFT_STANDARD_LIBRARIES = YES;
				CODE_SIGN_STYLE = Automatic;
				INFOPLIST_FILE = VoltMUITests/Info.plist;
				LD_RUNPATH_SEARCH_PATHS = (
					"$(inherited)",
					"@executable_path/Frameworks",
					"@loader_path/Frameworks",
				);
				PRODUCT_BUNDLE_IDENTIFIER = sebaie.VoltMUITests;
				PRODUCT_NAME = "$(TARGET_NAME)";
				SWIFT_VERSION = 5.0;
				TARGETED_DEVICE_FAMILY = "1,2";
				TEST_TARGET_NAME = VoltM;
			};
			name = Debug;
		};
		96CD1E6E26E514E4000BC132 /* Release */ = {
			isa = XCBuildConfiguration;
			baseConfigurationReference = 63554CA262E50A373B8DEEFF /* Pods-VoltM-VoltMUITests.release.xcconfig */;
			buildSettings = {
				ALWAYS_EMBED_SWIFT_STANDARD_LIBRARIES = YES;
				CODE_SIGN_STYLE = Automatic;
				INFOPLIST_FILE = VoltMUITests/Info.plist;
				LD_RUNPATH_SEARCH_PATHS = (
					"$(inherited)",
					"@executable_path/Frameworks",
					"@loader_path/Frameworks",
				);
				PRODUCT_BUNDLE_IDENTIFIER = sebaie.VoltMUITests;
				PRODUCT_NAME = "$(TARGET_NAME)";
				SWIFT_VERSION = 5.0;
				TARGETED_DEVICE_FAMILY = "1,2";
				TEST_TARGET_NAME = VoltM;
			};
			name = Release;
		};
/* End XCBuildConfiguration section */

/* Begin XCConfigurationList section */
		96CD1E3726E514E3000BC132 /* Build configuration list for PBXProject "VoltM" */ = {
			isa = XCConfigurationList;
			buildConfigurations = (
				96CD1E6426E514E4000BC132 /* Debug */,
				96CD1E6526E514E4000BC132 /* Release */,
			);
			defaultConfigurationIsVisible = 0;
			defaultConfigurationName = Release;
		};
		96CD1E6626E514E4000BC132 /* Build configuration list for PBXNativeTarget "VoltM" */ = {
			isa = XCConfigurationList;
			buildConfigurations = (
				96CD1E6726E514E4000BC132 /* Debug */,
				96CD1E6826E514E4000BC132 /* Release */,
			);
			defaultConfigurationIsVisible = 0;
			defaultConfigurationName = Release;
		};
		96CD1E6926E514E4000BC132 /* Build configuration list for PBXNativeTarget "VoltMTests" */ = {
			isa = XCConfigurationList;
			buildConfigurations = (
				96CD1E6A26E514E4000BC132 /* Debug */,
				96CD1E6B26E514E4000BC132 /* Release */,
			);
			defaultConfigurationIsVisible = 0;
			defaultConfigurationName = Release;
		};
		96CD1E6C26E514E4000BC132 /* Build configuration list for PBXNativeTarget "VoltMUITests" */ = {
			isa = XCConfigurationList;
			buildConfigurations = (
				96CD1E6D26E514E4000BC132 /* Debug */,
				96CD1E6E26E514E4000BC132 /* Release */,
			);
			defaultConfigurationIsVisible = 0;
			defaultConfigurationName = Release;
		};
/* End XCConfigurationList section */
	};
	rootObject = 96CD1E3426E514E3000BC132 /* Project object */;
}
